// !$*UTF8*$!
{
	archiveVersion = 1;
	classes = {
	};
	objectVersion = 48;
	objects = {

/* Begin PBXBuildFile section */
		111C8B1C3E3B7158D8343E6F /* Pods_Quotes.framework in Frameworks */ = {isa = PBXBuildFile; fileRef = E35B5BE74640BD28174D4574 /* Pods_Quotes.framework */; };
		1A0999FD2019830C00B22EDE /* PurchasePerson.swift in Sources */ = {isa = PBXBuildFile; fileRef = 1A0999FC2019830C00B22EDE /* PurchasePerson.swift */; };
		1A0999FF2019873600B22EDE /* IAP.swift in Sources */ = {isa = PBXBuildFile; fileRef = 1A0999FE2019873600B22EDE /* IAP.swift */; };
		1A96D546203E43F600254090 /* Screen Shot 2018-02-21 at 6.18.16 PM.png in Resources */ = {isa = PBXBuildFile; fileRef = 1A96D545203E43F500254090 /* Screen Shot 2018-02-21 at 6.18.16 PM.png */; };
		1A96D54A203FA31300254090 /* LoadQuotes.swift in Sources */ = {isa = PBXBuildFile; fileRef = 1A96D549203FA31300254090 /* LoadQuotes.swift */; };
		1AA123722044E9870004C1AE /* MainMenuTableViewController.swift in Sources */ = {isa = PBXBuildFile; fileRef = 1AA123712044E9870004C1AE /* MainMenuTableViewController.swift */; };
		1AA123742044F22D0004C1AE /* Share-icon-iOS.jpg in Resources */ = {isa = PBXBuildFile; fileRef = 1AA123732044F22C0004C1AE /* Share-icon-iOS.jpg */; };
		1AA123762044F3D00004C1AE /* share_icon_white.jpg in Resources */ = {isa = PBXBuildFile; fileRef = 1AA123752044F3CF0004C1AE /* share_icon_white.jpg */; };
		1AA123782044F4B40004C1AE /* search.png in Resources */ = {isa = PBXBuildFile; fileRef = 1AA123772044F4B30004C1AE /* search.png */; };
		1AA3841A204B7D23007E4241 /* SearchView.swift in Sources */ = {isa = PBXBuildFile; fileRef = 1AA38419204B7D23007E4241 /* SearchView.swift */; };
		1AA3841F20523792007E4241 /* SettingsPage.swift in Sources */ = {isa = PBXBuildFile; fileRef = 1AA3841E20523792007E4241 /* SettingsPage.swift */; };
		1AA438942033E2DB000C7238 /* Realm.framework in Frameworks */ = {isa = PBXBuildFile; fileRef = 1AA438922033E2DA000C7238 /* Realm.framework */; };
		1AA438952033E2DB000C7238 /* Realm.framework in Embed Frameworks */ = {isa = PBXBuildFile; fileRef = 1AA438922033E2DA000C7238 /* Realm.framework */; settings = {ATTRIBUTES = (CodeSignOnCopy, RemoveHeadersOnCopy, ); }; };
		1AA438962033E2DB000C7238 /* RealmSwift.framework in Frameworks */ = {isa = PBXBuildFile; fileRef = 1AA438932033E2DA000C7238 /* RealmSwift.framework */; };
		1AA438972033E2DB000C7238 /* RealmSwift.framework in Embed Frameworks */ = {isa = PBXBuildFile; fileRef = 1AA438932033E2DA000C7238 /* RealmSwift.framework */; settings = {ATTRIBUTES = (CodeSignOnCopy, RemoveHeadersOnCopy, ); }; };
		1AA4389A2033E521000C7238 /* QuoteClass.swift in Sources */ = {isa = PBXBuildFile; fileRef = 1AA438992033E521000C7238 /* QuoteClass.swift */; };
		1AA4389C2033E629000C7238 /* FrontPage.swift in Sources */ = {isa = PBXBuildFile; fileRef = 1AA4389B2033E629000C7238 /* FrontPage.swift */; };
		1AACFE921FF2F65E00E6424D /* AppDelegate.swift in Sources */ = {isa = PBXBuildFile; fileRef = 1AACFE911FF2F65E00E6424D /* AppDelegate.swift */; };
		1AACFE971FF2F65E00E6424D /* Main.storyboard in Resources */ = {isa = PBXBuildFile; fileRef = 1AACFE951FF2F65E00E6424D /* Main.storyboard */; };
		1AACFE9C1FF2F65E00E6424D /* LaunchScreen.storyboard in Resources */ = {isa = PBXBuildFile; fileRef = 1AACFE9A1FF2F65E00E6424D /* LaunchScreen.storyboard */; };
		1AB47C651FFC26BC00F547E4 /* PeopleQuotes.swift in Sources */ = {isa = PBXBuildFile; fileRef = 1AB47C641FFC26BC00F547E4 /* PeopleQuotes.swift */; };
		1AB47C6F1FFC461B00F547E4 /* Podfile in Resources */ = {isa = PBXBuildFile; fileRef = 1AB47C6E1FFC461B00F547E4 /* Podfile */; };
		1AB47C872001A4DB00F547E4 /* Images.xcassets in Resources */ = {isa = PBXBuildFile; fileRef = 1AB47C862001A4DA00F547E4 /* Images.xcassets */; };
		1AB47C8B2001DBF000F547E4 /* GoogleService-Info.plist in Resources */ = {isa = PBXBuildFile; fileRef = 1AB47C8A2001DBEE00F547E4 /* GoogleService-Info.plist */; };
		1AB47CAE20033B7E00F547E4 /* StoreKit.framework in Frameworks */ = {isa = PBXBuildFile; fileRef = 1AB47CAD20033B7E00F547E4 /* StoreKit.framework */; };
		1AB47CB020034BCE00F547E4 /* InAppPurchases.swift in Sources */ = {isa = PBXBuildFile; fileRef = 1AB47CAF20034BCE00F547E4 /* InAppPurchases.swift */; };
		1AE8853820523DCA0000B56A /* IMG_0739.GIF in Resources */ = {isa = PBXBuildFile; fileRef = 1AE8853720523DCA0000B56A /* IMG_0739.GIF */; };
		1AE8853A2052502C0000B56A /* AlarmsTableViewController.swift in Sources */ = {isa = PBXBuildFile; fileRef = 1AE885392052502C0000B56A /* AlarmsTableViewController.swift */; };
/* End PBXBuildFile section */

/* Begin PBXCopyFilesBuildPhase section */
		1AA438982033E2DB000C7238 /* Embed Frameworks */ = {
			isa = PBXCopyFilesBuildPhase;
			buildActionMask = 2147483647;
			dstPath = "";
			dstSubfolderSpec = 10;
			files = (
				1AA438972033E2DB000C7238 /* RealmSwift.framework in Embed Frameworks */,
				1AA438952033E2DB000C7238 /* Realm.framework in Embed Frameworks */,
			);
			name = "Embed Frameworks";
			runOnlyForDeploymentPostprocessing = 0;
		};
/* End PBXCopyFilesBuildPhase section */

/* Begin PBXFileReference section */
		1A0999FC2019830C00B22EDE /* PurchasePerson.swift */ = {isa = PBXFileReference; lastKnownFileType = sourcecode.swift; path = PurchasePerson.swift; sourceTree = "<group>"; };
		1A0999FE2019873600B22EDE /* IAP.swift */ = {isa = PBXFileReference; lastKnownFileType = sourcecode.swift; path = IAP.swift; sourceTree = "<group>"; };
		1A96D545203E43F500254090 /* Screen Shot 2018-02-21 at 6.18.16 PM.png */ = {isa = PBXFileReference; lastKnownFileType = image.png; path = "Screen Shot 2018-02-21 at 6.18.16 PM.png"; sourceTree = "<group>"; };
		1A96D549203FA31300254090 /* LoadQuotes.swift */ = {isa = PBXFileReference; fileEncoding = 4; lastKnownFileType = sourcecode.swift; path = LoadQuotes.swift; sourceTree = "<group>"; };
		1AA123712044E9870004C1AE /* MainMenuTableViewController.swift */ = {isa = PBXFileReference; lastKnownFileType = sourcecode.swift; path = MainMenuTableViewController.swift; sourceTree = "<group>"; };
		1AA123732044F22C0004C1AE /* Share-icon-iOS.jpg */ = {isa = PBXFileReference; lastKnownFileType = image.jpeg; path = "Share-icon-iOS.jpg"; sourceTree = "<group>"; };
		1AA123752044F3CF0004C1AE /* share_icon_white.jpg */ = {isa = PBXFileReference; lastKnownFileType = image.jpeg; path = share_icon_white.jpg; sourceTree = "<group>"; };
		1AA123772044F4B30004C1AE /* search.png */ = {isa = PBXFileReference; lastKnownFileType = image.png; path = search.png; sourceTree = "<group>"; };
		1AA38419204B7D23007E4241 /* SearchView.swift */ = {isa = PBXFileReference; lastKnownFileType = sourcecode.swift; path = SearchView.swift; sourceTree = "<group>"; };
		1AA3841E20523792007E4241 /* SettingsPage.swift */ = {isa = PBXFileReference; lastKnownFileType = sourcecode.swift; path = SettingsPage.swift; sourceTree = "<group>"; };
		1AA438922033E2DA000C7238 /* Realm.framework */ = {isa = PBXFileReference; lastKnownFileType = wrapper.framework; path = Realm.framework; sourceTree = "<group>"; };
		1AA438932033E2DA000C7238 /* RealmSwift.framework */ = {isa = PBXFileReference; lastKnownFileType = wrapper.framework; path = RealmSwift.framework; sourceTree = "<group>"; };
		1AA438992033E521000C7238 /* QuoteClass.swift */ = {isa = PBXFileReference; lastKnownFileType = sourcecode.swift; path = QuoteClass.swift; sourceTree = "<group>"; };
		1AA4389B2033E629000C7238 /* FrontPage.swift */ = {isa = PBXFileReference; lastKnownFileType = sourcecode.swift; path = FrontPage.swift; sourceTree = "<group>"; };
		1AACFE8E1FF2F65E00E6424D /* Quotes.app */ = {isa = PBXFileReference; explicitFileType = wrapper.application; includeInIndex = 0; path = Quotes.app; sourceTree = BUILT_PRODUCTS_DIR; };
		1AACFE911FF2F65E00E6424D /* AppDelegate.swift */ = {isa = PBXFileReference; lastKnownFileType = sourcecode.swift; path = AppDelegate.swift; sourceTree = "<group>"; };
		1AACFE961FF2F65E00E6424D /* Base */ = {isa = PBXFileReference; lastKnownFileType = file.storyboard; name = Base; path = Base.lproj/Main.storyboard; sourceTree = "<group>"; };
		1AACFE9B1FF2F65E00E6424D /* Base */ = {isa = PBXFileReference; lastKnownFileType = file.storyboard; name = Base; path = Base.lproj/LaunchScreen.storyboard; sourceTree = "<group>"; };
		1AACFE9D1FF2F65E00E6424D /* Info.plist */ = {isa = PBXFileReference; lastKnownFileType = text.plist.xml; path = Info.plist; sourceTree = "<group>"; };
		1AB47C641FFC26BC00F547E4 /* PeopleQuotes.swift */ = {isa = PBXFileReference; fileEncoding = 4; lastKnownFileType = sourcecode.swift; path = PeopleQuotes.swift; sourceTree = "<group>"; };
		1AB47C6E1FFC461B00F547E4 /* Podfile */ = {isa = PBXFileReference; fileEncoding = 4; lastKnownFileType = text; path = Podfile; sourceTree = "<group>"; xcLanguageSpecificationIdentifier = xcode.lang.ruby; };
		1AB47C862001A4DA00F547E4 /* Images.xcassets */ = {isa = PBXFileReference; lastKnownFileType = folder.assetcatalog; path = Images.xcassets; sourceTree = "<group>"; };
		1AB47C8A2001DBEE00F547E4 /* GoogleService-Info.plist */ = {isa = PBXFileReference; fileEncoding = 4; lastKnownFileType = text.plist.xml; path = "GoogleService-Info.plist"; sourceTree = "<group>"; };
		1AB47C8C2001DD3D00F547E4 /* Quotes.entitlements */ = {isa = PBXFileReference; lastKnownFileType = text.plist.entitlements; path = Quotes.entitlements; sourceTree = "<group>"; };
		1AB47CAD20033B7E00F547E4 /* StoreKit.framework */ = {isa = PBXFileReference; lastKnownFileType = wrapper.framework; name = StoreKit.framework; path = System/Library/Frameworks/StoreKit.framework; sourceTree = SDKROOT; };
		1AB47CAF20034BCE00F547E4 /* InAppPurchases.swift */ = {isa = PBXFileReference; lastKnownFileType = sourcecode.swift; path = InAppPurchases.swift; sourceTree = "<group>"; };
		1AE8853720523DCA0000B56A /* IMG_0739.GIF */ = {isa = PBXFileReference; lastKnownFileType = image.gif; name = IMG_0739.GIF; path = Quotes/IMG_0739.GIF; sourceTree = SOURCE_ROOT; };
		1AE885392052502C0000B56A /* AlarmsTableViewController.swift */ = {isa = PBXFileReference; lastKnownFileType = sourcecode.swift; path = AlarmsTableViewController.swift; sourceTree = "<group>"; };
		2A8CF04DADF9897ECF626049 /* Pods-Quotes.debug.xcconfig */ = {isa = PBXFileReference; includeInIndex = 1; lastKnownFileType = text.xcconfig; name = "Pods-Quotes.debug.xcconfig"; path = "Pods/Target Support Files/Pods-Quotes/Pods-Quotes.debug.xcconfig"; sourceTree = "<group>"; };
		D5C9F4AF315A58A95F012AA3 /* Pods-Quotes.release.xcconfig */ = {isa = PBXFileReference; includeInIndex = 1; lastKnownFileType = text.xcconfig; name = "Pods-Quotes.release.xcconfig"; path = "Pods/Target Support Files/Pods-Quotes/Pods-Quotes.release.xcconfig"; sourceTree = "<group>"; };
		E35B5BE74640BD28174D4574 /* Pods_Quotes.framework */ = {isa = PBXFileReference; explicitFileType = wrapper.framework; includeInIndex = 0; path = Pods_Quotes.framework; sourceTree = BUILT_PRODUCTS_DIR; };
/* End PBXFileReference section */

/* Begin PBXFrameworksBuildPhase section */
		1AACFE8B1FF2F65E00E6424D /* Frameworks */ = {
			isa = PBXFrameworksBuildPhase;
			buildActionMask = 2147483647;
			files = (
				1AA438942033E2DB000C7238 /* Realm.framework in Frameworks */,
				111C8B1C3E3B7158D8343E6F /* Pods_Quotes.framework in Frameworks */,
				1AA438962033E2DB000C7238 /* RealmSwift.framework in Frameworks */,
				1AB47CAE20033B7E00F547E4 /* StoreKit.framework in Frameworks */,
			);
			runOnlyForDeploymentPostprocessing = 0;
		};
/* End PBXFrameworksBuildPhase section */

/* Begin PBXGroup section */
		1AA3841B205232BD007E4241 /* imageFiles */ = {
			isa = PBXGroup;
			children = (
				1AE8853720523DCA0000B56A /* IMG_0739.GIF */,
				1A96D545203E43F500254090 /* Screen Shot 2018-02-21 at 6.18.16 PM.png */,
				1AA123752044F3CF0004C1AE /* share_icon_white.jpg */,
				1AA123732044F22C0004C1AE /* Share-icon-iOS.jpg */,
				1AA123772044F4B30004C1AE /* search.png */,
			);
			path = imageFiles;
			sourceTree = "<group>";
		};
		1AACFE851FF2F65E00E6424D = {
			isa = PBXGroup;
			children = (
				1AA438922033E2DA000C7238 /* Realm.framework */,
				1AA438932033E2DA000C7238 /* RealmSwift.framework */,
				1AB47C6E1FFC461B00F547E4 /* Podfile */,
				1AACFE901FF2F65E00E6424D /* Quotes */,
				1AACFE8F1FF2F65E00E6424D /* Products */,
				CB4F55663DDE70E33932FC9B /* Pods */,
				FB1F3D7889D68A94D3BFF49C /* Frameworks */,
			);
			sourceTree = "<group>";
		};
		1AACFE8F1FF2F65E00E6424D /* Products */ = {
			isa = PBXGroup;
			children = (
				1AACFE8E1FF2F65E00E6424D /* Quotes.app */,
			);
			name = Products;
			sourceTree = "<group>";
		};
		1AACFE901FF2F65E00E6424D /* Quotes */ = {
			isa = PBXGroup;
			children = (
				1AE885392052502C0000B56A /* AlarmsTableViewController.swift */,
				1AA38419204B7D23007E4241 /* SearchView.swift */,
				1AB47C8C2001DD3D00F547E4 /* Quotes.entitlements */,
				1AB47C8A2001DBEE00F547E4 /* GoogleService-Info.plist */,
				1A96D549203FA31300254090 /* LoadQuotes.swift */,
				1AACFE911FF2F65E00E6424D /* AppDelegate.swift */,
				1AA4389B2033E629000C7238 /* FrontPage.swift */,
				1AB47CAF20034BCE00F547E4 /* InAppPurchases.swift */,
				1A0999FE2019873600B22EDE /* IAP.swift */,
				1A0999FC2019830C00B22EDE /* PurchasePerson.swift */,
				1AACFE951FF2F65E00E6424D /* Main.storyboard */,
				1AA3841E20523792007E4241 /* SettingsPage.swift */,
				1AA123712044E9870004C1AE /* MainMenuTableViewController.swift */,
				1AA438992033E521000C7238 /* QuoteClass.swift */,
				1AB47C862001A4DA00F547E4 /* Images.xcassets */,
				1AA3841B205232BD007E4241 /* imageFiles */,
				1AACFE9A1FF2F65E00E6424D /* LaunchScreen.storyboard */,
				1AACFE9D1FF2F65E00E6424D /* Info.plist */,
				1AB47C641FFC26BC00F547E4 /* PeopleQuotes.swift */,
			);
			path = Quotes;
			sourceTree = "<group>";
		};
		CB4F55663DDE70E33932FC9B /* Pods */ = {
			isa = PBXGroup;
			children = (
				2A8CF04DADF9897ECF626049 /* Pods-Quotes.debug.xcconfig */,
				D5C9F4AF315A58A95F012AA3 /* Pods-Quotes.release.xcconfig */,
			);
			name = Pods;
			sourceTree = "<group>";
		};
		FB1F3D7889D68A94D3BFF49C /* Frameworks */ = {
			isa = PBXGroup;
			children = (
				1AB47CAD20033B7E00F547E4 /* StoreKit.framework */,
				E35B5BE74640BD28174D4574 /* Pods_Quotes.framework */,
			);
			name = Frameworks;
			sourceTree = "<group>";
		};
/* End PBXGroup section */

/* Begin PBXNativeTarget section */
		1AACFE8D1FF2F65E00E6424D /* Quotes */ = {
			isa = PBXNativeTarget;
			buildConfigurationList = 1AACFEA01FF2F65E00E6424D /* Build configuration list for PBXNativeTarget "Quotes" */;
			buildPhases = (
				BFBFA3DAC3C303EB5E7F7CC4 /* [CP] Check Pods Manifest.lock */,
				1AACFE8A1FF2F65E00E6424D /* Sources */,
				1AACFE8B1FF2F65E00E6424D /* Frameworks */,
				1AACFE8C1FF2F65E00E6424D /* Resources */,
				A0A4354D9B87439B75CA7DE7 /* [CP] Embed Pods Frameworks */,
				CAE59B30D98D5A9534488F59 /* [CP] Copy Pods Resources */,
				1AA438982033E2DB000C7238 /* Embed Frameworks */,
			);
			buildRules = (
			);
			dependencies = (
			);
			name = Quotes;
			productName = Quotes;
			productReference = 1AACFE8E1FF2F65E00E6424D /* Quotes.app */;
			productType = "com.apple.product-type.application";
		};
/* End PBXNativeTarget section */

/* Begin PBXProject section */
		1AACFE861FF2F65E00E6424D /* Project object */ = {
			isa = PBXProject;
			attributes = {
				LastSwiftUpdateCheck = 0920;
				LastUpgradeCheck = 0920;
				ORGANIZATIONNAME = JDM;
				TargetAttributes = {
					1AACFE8D1FF2F65E00E6424D = {
						CreatedOnToolsVersion = 9.2;
						ProvisioningStyle = Automatic;
						SystemCapabilities = {
							com.apple.InAppPurchase = {
								enabled = 1;
							};
							com.apple.Keychain = {
								enabled = 0;
							};
							com.apple.Push = {
								enabled = 1;
							};
						};
					};
				};
			};
			buildConfigurationList = 1AACFE891FF2F65E00E6424D /* Build configuration list for PBXProject "Quotes" */;
			compatibilityVersion = "Xcode 8.0";
			developmentRegion = en;
			hasScannedForEncodings = 0;
			knownRegions = (
				en,
				Base,
			);
			mainGroup = 1AACFE851FF2F65E00E6424D;
			productRefGroup = 1AACFE8F1FF2F65E00E6424D /* Products */;
			projectDirPath = "";
			projectRoot = "";
			targets = (
				1AACFE8D1FF2F65E00E6424D /* Quotes */,
			);
		};
/* End PBXProject section */

/* Begin PBXResourcesBuildPhase section */
		1AACFE8C1FF2F65E00E6424D /* Resources */ = {
			isa = PBXResourcesBuildPhase;
			buildActionMask = 2147483647;
			files = (
				1AB47C6F1FFC461B00F547E4 /* Podfile in Resources */,
				1AACFE9C1FF2F65E00E6424D /* LaunchScreen.storyboard in Resources */,
				1AA123742044F22D0004C1AE /* Share-icon-iOS.jpg in Resources */,
				1AA123762044F3D00004C1AE /* share_icon_white.jpg in Resources */,
				1AB47C872001A4DB00F547E4 /* Images.xcassets in Resources */,
				1AACFE971FF2F65E00E6424D /* Main.storyboard in Resources */,
				1AB47C8B2001DBF000F547E4 /* GoogleService-Info.plist in Resources */,
				1AA123782044F4B40004C1AE /* search.png in Resources */,
				1A96D546203E43F600254090 /* Screen Shot 2018-02-21 at 6.18.16 PM.png in Resources */,
				1AE8853820523DCA0000B56A /* IMG_0739.GIF in Resources */,
			);
			runOnlyForDeploymentPostprocessing = 0;
		};
/* End PBXResourcesBuildPhase section */

/* Begin PBXShellScriptBuildPhase section */
		A0A4354D9B87439B75CA7DE7 /* [CP] Embed Pods Frameworks */ = {
			isa = PBXShellScriptBuildPhase;
			buildActionMask = 2147483647;
			files = (
			);
			inputPaths = (
				"${SRCROOT}/Pods/Target Support Files/Pods-Quotes/Pods-Quotes-frameworks.sh",
				"${BUILT_PRODUCTS_DIR}/GTMSessionFetcher/GTMSessionFetcher.framework",
				"${BUILT_PRODUCTS_DIR}/GoogleToolboxForMac/GoogleToolboxForMac.framework",
				"${BUILT_PRODUCTS_DIR}/Protobuf/Protobuf.framework",
				"${BUILT_PRODUCTS_DIR}/leveldb-library/leveldb.framework",
				"${BUILT_PRODUCTS_DIR}/nanopb/nanopb.framework",
			);
			name = "[CP] Embed Pods Frameworks";
			outputPaths = (
				"${TARGET_BUILD_DIR}/${FRAMEWORKS_FOLDER_PATH}/GTMSessionFetcher.framework",
				"${TARGET_BUILD_DIR}/${FRAMEWORKS_FOLDER_PATH}/GoogleToolboxForMac.framework",
				"${TARGET_BUILD_DIR}/${FRAMEWORKS_FOLDER_PATH}/Protobuf.framework",
				"${TARGET_BUILD_DIR}/${FRAMEWORKS_FOLDER_PATH}/leveldb.framework",
				"${TARGET_BUILD_DIR}/${FRAMEWORKS_FOLDER_PATH}/nanopb.framework",
			);
			runOnlyForDeploymentPostprocessing = 0;
			shellPath = /bin/sh;
			shellScript = "\"${SRCROOT}/Pods/Target Support Files/Pods-Quotes/Pods-Quotes-frameworks.sh\"\n";
			showEnvVarsInLog = 0;
		};
		BFBFA3DAC3C303EB5E7F7CC4 /* [CP] Check Pods Manifest.lock */ = {
			isa = PBXShellScriptBuildPhase;
			buildActionMask = 2147483647;
			files = (
			);
			inputPaths = (
				"${PODS_PODFILE_DIR_PATH}/Podfile.lock",
				"${PODS_ROOT}/Manifest.lock",
			);
			name = "[CP] Check Pods Manifest.lock";
			outputPaths = (
				"$(DERIVED_FILE_DIR)/Pods-Quotes-checkManifestLockResult.txt",
			);
			runOnlyForDeploymentPostprocessing = 0;
			shellPath = /bin/sh;
			shellScript = "diff \"${PODS_PODFILE_DIR_PATH}/Podfile.lock\" \"${PODS_ROOT}/Manifest.lock\" > /dev/null\nif [ $? != 0 ] ; then\n    # print error to STDERR\n    echo \"error: The sandbox is not in sync with the Podfile.lock. Run 'pod install' or update your CocoaPods installation.\" >&2\n    exit 1\nfi\n";
			showEnvVarsInLog = 0;
		};
		CAE59B30D98D5A9534488F59 /* [CP] Copy Pods Resources */ = {
			isa = PBXShellScriptBuildPhase;
			buildActionMask = 2147483647;
			files = (
			);
			inputPaths = (
			);
			name = "[CP] Copy Pods Resources";
			outputPaths = (
			);
			runOnlyForDeploymentPostprocessing = 0;
			shellPath = /bin/sh;
			shellScript = "\"${SRCROOT}/Pods/Target Support Files/Pods-Quotes/Pods-Quotes-resources.sh\"\n";
			showEnvVarsInLog = 0;
		};
/* End PBXShellScriptBuildPhase section */

/* Begin PBXSourcesBuildPhase section */
		1AACFE8A1FF2F65E00E6424D /* Sources */ = {
			isa = PBXSourcesBuildPhase;
			buildActionMask = 2147483647;
			files = (
				1A0999FF2019873600B22EDE /* IAP.swift in Sources */,
				1AB47CB020034BCE00F547E4 /* InAppPurchases.swift in Sources */,
				1AA4389A2033E521000C7238 /* QuoteClass.swift in Sources */,
				1AA123722044E9870004C1AE /* MainMenuTableViewController.swift in Sources */,
				1AA4389C2033E629000C7238 /* FrontPage.swift in Sources */,
				1AA3841F20523792007E4241 /* SettingsPage.swift in Sources */,
				1AA3841A204B7D23007E4241 /* SearchView.swift in Sources */,
				1AE8853A2052502C0000B56A /* AlarmsTableViewController.swift in Sources */,
				1AACFE921FF2F65E00E6424D /* AppDelegate.swift in Sources */,
				1AB47C651FFC26BC00F547E4 /* PeopleQuotes.swift in Sources */,
				1A0999FD2019830C00B22EDE /* PurchasePerson.swift in Sources */,
				1A96D54A203FA31300254090 /* LoadQuotes.swift in Sources */,
			);
			runOnlyForDeploymentPostprocessing = 0;
		};
/* End PBXSourcesBuildPhase section */

/* Begin PBXVariantGroup section */
		1AACFE951FF2F65E00E6424D /* Main.storyboard */ = {
			isa = PBXVariantGroup;
			children = (
				1AACFE961FF2F65E00E6424D /* Base */,
			);
			name = Main.storyboard;
			sourceTree = "<group>";
		};
		1AACFE9A1FF2F65E00E6424D /* LaunchScreen.storyboard */ = {
			isa = PBXVariantGroup;
			children = (
				1AACFE9B1FF2F65E00E6424D /* Base */,
			);
			name = LaunchScreen.storyboard;
			sourceTree = "<group>";
		};
/* End PBXVariantGroup section */

/* Begin XCBuildConfiguration section */
		1AACFE9E1FF2F65E00E6424D /* Debug */ = {
			isa = XCBuildConfiguration;
			buildSettings = {
				ALWAYS_SEARCH_USER_PATHS = NO;
				CLANG_ANALYZER_NONNULL = YES;
				CLANG_ANALYZER_NUMBER_OBJECT_CONVERSION = YES_AGGRESSIVE;
				CLANG_CXX_LANGUAGE_STANDARD = "gnu++14";
				CLANG_CXX_LIBRARY = "libc++";
				CLANG_ENABLE_MODULES = YES;
				CLANG_ENABLE_OBJC_ARC = YES;
				CLANG_WARN_BLOCK_CAPTURE_AUTORELEASING = YES;
				CLANG_WARN_BOOL_CONVERSION = YES;
				CLANG_WARN_COMMA = YES;
				CLANG_WARN_CONSTANT_CONVERSION = YES;
				CLANG_WARN_DIRECT_OBJC_ISA_USAGE = YES_ERROR;
				CLANG_WARN_DOCUMENTATION_COMMENTS = YES;
				CLANG_WARN_EMPTY_BODY = YES;
				CLANG_WARN_ENUM_CONVERSION = YES;
				CLANG_WARN_INFINITE_RECURSION = YES;
				CLANG_WARN_INT_CONVERSION = YES;
				CLANG_WARN_NON_LITERAL_NULL_CONVERSION = YES;
				CLANG_WARN_OBJC_LITERAL_CONVERSION = YES;
				CLANG_WARN_OBJC_ROOT_CLASS = YES_ERROR;
				CLANG_WARN_RANGE_LOOP_ANALYSIS = YES;
				CLANG_WARN_STRICT_PROTOTYPES = YES;
				CLANG_WARN_SUSPICIOUS_MOVE = YES;
				CLANG_WARN_UNGUARDED_AVAILABILITY = YES_AGGRESSIVE;
				CLANG_WARN_UNREACHABLE_CODE = YES;
				CLANG_WARN__DUPLICATE_METHOD_MATCH = YES;
				CODE_SIGN_IDENTITY = "iPhone Developer";
				COPY_PHASE_STRIP = NO;
				DEBUG_INFORMATION_FORMAT = dwarf;
				ENABLE_STRICT_OBJC_MSGSEND = YES;
				ENABLE_TESTABILITY = YES;
				GCC_C_LANGUAGE_STANDARD = gnu11;
				GCC_DYNAMIC_NO_PIC = NO;
				GCC_NO_COMMON_BLOCKS = YES;
				GCC_OPTIMIZATION_LEVEL = 0;
				GCC_PREPROCESSOR_DEFINITIONS = (
					"DEBUG=1",
					"$(inherited)",
				);
				GCC_WARN_64_TO_32_BIT_CONVERSION = YES;
				GCC_WARN_ABOUT_RETURN_TYPE = YES_ERROR;
				GCC_WARN_UNDECLARED_SELECTOR = YES;
				GCC_WARN_UNINITIALIZED_AUTOS = YES_AGGRESSIVE;
				GCC_WARN_UNUSED_FUNCTION = YES;
				GCC_WARN_UNUSED_VARIABLE = YES;
				IPHONEOS_DEPLOYMENT_TARGET = 11.2;
				MTL_ENABLE_DEBUG_INFO = YES;
				ONLY_ACTIVE_ARCH = YES;
				SDKROOT = iphoneos;
				SWIFT_ACTIVE_COMPILATION_CONDITIONS = DEBUG;
				SWIFT_OPTIMIZATION_LEVEL = "-Onone";
			};
			name = Debug;
		};
		1AACFE9F1FF2F65E00E6424D /* Release */ = {
			isa = XCBuildConfiguration;
			buildSettings = {
				ALWAYS_SEARCH_USER_PATHS = NO;
				CLANG_ANALYZER_NONNULL = YES;
				CLANG_ANALYZER_NUMBER_OBJECT_CONVERSION = YES_AGGRESSIVE;
				CLANG_CXX_LANGUAGE_STANDARD = "gnu++14";
				CLANG_CXX_LIBRARY = "libc++";
				CLANG_ENABLE_MODULES = YES;
				CLANG_ENABLE_OBJC_ARC = YES;
				CLANG_WARN_BLOCK_CAPTURE_AUTORELEASING = YES;
				CLANG_WARN_BOOL_CONVERSION = YES;
				CLANG_WARN_COMMA = YES;
				CLANG_WARN_CONSTANT_CONVERSION = YES;
				CLANG_WARN_DIRECT_OBJC_ISA_USAGE = YES_ERROR;
				CLANG_WARN_DOCUMENTATION_COMMENTS = YES;
				CLANG_WARN_EMPTY_BODY = YES;
				CLANG_WARN_ENUM_CONVERSION = YES;
				CLANG_WARN_INFINITE_RECURSION = YES;
				CLANG_WARN_INT_CONVERSION = YES;
				CLANG_WARN_NON_LITERAL_NULL_CONVERSION = YES;
				CLANG_WARN_OBJC_LITERAL_CONVERSION = YES;
				CLANG_WARN_OBJC_ROOT_CLASS = YES_ERROR;
				CLANG_WARN_RANGE_LOOP_ANALYSIS = YES;
				CLANG_WARN_STRICT_PROTOTYPES = YES;
				CLANG_WARN_SUSPICIOUS_MOVE = YES;
				CLANG_WARN_UNGUARDED_AVAILABILITY = YES_AGGRESSIVE;
				CLANG_WARN_UNREACHABLE_CODE = YES;
				CLANG_WARN__DUPLICATE_METHOD_MATCH = YES;
				CODE_SIGN_IDENTITY = "iPhone Developer";
				COPY_PHASE_STRIP = NO;
				DEBUG_INFORMATION_FORMAT = "dwarf-with-dsym";
				ENABLE_NS_ASSERTIONS = NO;
				ENABLE_STRICT_OBJC_MSGSEND = YES;
				GCC_C_LANGUAGE_STANDARD = gnu11;
				GCC_NO_COMMON_BLOCKS = YES;
				GCC_WARN_64_TO_32_BIT_CONVERSION = YES;
				GCC_WARN_ABOUT_RETURN_TYPE = YES_ERROR;
				GCC_WARN_UNDECLARED_SELECTOR = YES;
				GCC_WARN_UNINITIALIZED_AUTOS = YES_AGGRESSIVE;
				GCC_WARN_UNUSED_FUNCTION = YES;
				GCC_WARN_UNUSED_VARIABLE = YES;
				IPHONEOS_DEPLOYMENT_TARGET = 11.2;
				MTL_ENABLE_DEBUG_INFO = NO;
				SDKROOT = iphoneos;
				SWIFT_OPTIMIZATION_LEVEL = "-Owholemodule";
				VALIDATE_PRODUCT = YES;
			};
			name = Release;
		};
		1AACFEA11FF2F65E00E6424D /* Debug */ = {
			isa = XCBuildConfiguration;
			baseConfigurationReference = 2A8CF04DADF9897ECF626049 /* Pods-Quotes.debug.xcconfig */;
			buildSettings = {
				ASSETCATALOG_COMPILER_APPICON_NAME = AppIcon;
				CODE_SIGN_ENTITLEMENTS = Quotes/Quotes.entitlements;
				"CODE_SIGN_IDENTITY[sdk=iphoneos*]" = "iPhone Developer";
				CODE_SIGN_STYLE = Automatic;
				DEVELOPMENT_TEAM = 42SCT29WSH;
				FRAMEWORK_SEARCH_PATHS = (
					"$(inherited)",
					"$(PROJECT_DIR)",
				);
				INFOPLIST_FILE = Quotes/Info.plist;
				LD_RUNPATH_SEARCH_PATHS = "$(inherited) @executable_path/Frameworks";
				PRODUCT_BUNDLE_IDENTIFIER = com.JDM.Quotes;
				PRODUCT_NAME = "$(TARGET_NAME)";
				PROVISIONING_PROFILE_SPECIFIER = "";
				SWIFT_VERSION = 4.0;
				TARGETED_DEVICE_FAMILY = "1,2";
			};
			name = Debug;
		};
		1AACFEA21FF2F65E00E6424D /* Release */ = {
			isa = XCBuildConfiguration;
			baseConfigurationReference = D5C9F4AF315A58A95F012AA3 /* Pods-Quotes.release.xcconfig */;
			buildSettings = {
				ASSETCATALOG_COMPILER_APPICON_NAME = AppIcon;
				CODE_SIGN_ENTITLEMENTS = Quotes/Quotes.entitlements;
				"CODE_SIGN_IDENTITY[sdk=iphoneos*]" = "iPhone Developer";
				CODE_SIGN_STYLE = Automatic;
				DEVELOPMENT_TEAM = 42SCT29WSH;
				FRAMEWORK_SEARCH_PATHS = (
					"$(inherited)",
					"$(PROJECT_DIR)",
				);
				INFOPLIST_FILE = Quotes/Info.plist;
				LD_RUNPATH_SEARCH_PATHS = "$(inherited) @executable_path/Frameworks";
				PRODUCT_BUNDLE_IDENTIFIER = com.JDM.Quotes;
				PRODUCT_NAME = "$(TARGET_NAME)";
				PROVISIONING_PROFILE_SPECIFIER = "";
				SWIFT_VERSION = 4.0;
				TARGETED_DEVICE_FAMILY = "1,2";
			};
			name = Release;
		};
/* End XCBuildConfiguration section */

/* Begin XCConfigurationList section */
		1AACFE891FF2F65E00E6424D /* Build configuration list for PBXProject "Quotes" */ = {
			isa = XCConfigurationList;
			buildConfigurations = (
				1AACFE9E1FF2F65E00E6424D /* Debug */,
				1AACFE9F1FF2F65E00E6424D /* Release */,
			);
			defaultConfigurationIsVisible = 0;
			defaultConfigurationName = Release;
		};
		1AACFEA01FF2F65E00E6424D /* Build configuration list for PBXNativeTarget "Quotes" */ = {
			isa = XCConfigurationList;
			buildConfigurations = (
				1AACFEA11FF2F65E00E6424D /* Debug */,
				1AACFEA21FF2F65E00E6424D /* Release */,
			);
			defaultConfigurationIsVisible = 0;
			defaultConfigurationName = Release;
		};
/* End XCConfigurationList section */
	};
	rootObject = 1AACFE861FF2F65E00E6424D /* Project object */;
}
