// !$*UTF8*$!
{
	archiveVersion = 1;
	classes = {
	};
	objectVersion = 48;
	objects = {

/* Begin PBXBuildFile section */
		111C8B1C3E3B7158D8343E6F /* Pods_Quotes.framework in Frameworks */ = {isa = PBXBuildFile; fileRef = E35B5BE74640BD28174D4574 /* Pods_Quotes.framework */; };
		1A0999FF2019873600B22EDE /* IAP.swift in Sources */ = {isa = PBXBuildFile; fileRef = 1A0999FE2019873600B22EDE /* IAP.swift */; };
		1A0DC0D420A3DEDF007FEA6B /* clouds.jpg in Resources */ = {isa = PBXBuildFile; fileRef = 1A0DC0CB20A3DEC5007FEA6B /* clouds.jpg */; };
		1A0DC0D520A3DEDF007FEA6B /* fyah.jpg in Resources */ = {isa = PBXBuildFile; fileRef = 1A0DC0CC20A3DED0007FEA6B /* fyah.jpg */; };
		1A0DC0D620A3DEDF007FEA6B /* butterfly.jpg in Resources */ = {isa = PBXBuildFile; fileRef = 1A0DC0CD20A3DED2007FEA6B /* butterfly.jpg */; };
		1A0DC0D720A3DEDF007FEA6B /* hotair.jpg in Resources */ = {isa = PBXBuildFile; fileRef = 1A0DC0CE20A3DED3007FEA6B /* hotair.jpg */; };
		1A0DC0D820A3DEDF007FEA6B /* tempestuousocean.jpg in Resources */ = {isa = PBXBuildFile; fileRef = 1A0DC0CF20A3DED5007FEA6B /* tempestuousocean.jpg */; };
		1A0DC0D920A3DEDF007FEA6B /* ferriswheel.jpg in Resources */ = {isa = PBXBuildFile; fileRef = 1A0DC0D020A3DED7007FEA6B /* ferriswheel.jpg */; };
		1A0DC0DA20A3DEDF007FEA6B /* aurora.jpg in Resources */ = {isa = PBXBuildFile; fileRef = 1A0DC0D120A3DED9007FEA6B /* aurora.jpg */; };
		1A0DC0DB20A3DEDF007FEA6B /* colorsky.jpg in Resources */ = {isa = PBXBuildFile; fileRef = 1A0DC0D220A3DEDA007FEA6B /* colorsky.jpg */; };
		1A0DC0DC20A3DEDF007FEA6B /* desertwalk.jpg in Resources */ = {isa = PBXBuildFile; fileRef = 1A0DC0D320A3DEDC007FEA6B /* desertwalk.jpg */; };
		1A62EF11209FA39100F38F00 /* PurchaseView.swift in Sources */ = {isa = PBXBuildFile; fileRef = 1A62EF10209FA39100F38F00 /* PurchaseView.swift */; };
		1A62EF1520A08E2800F38F00 /* Subscription.swift in Sources */ = {isa = PBXBuildFile; fileRef = 1A62EF1420A08E2800F38F00 /* Subscription.swift */; };
		1A62EF1720A08E8900F38F00 /* PaidSubscription.swift in Sources */ = {isa = PBXBuildFile; fileRef = 1A62EF1620A08E8900F38F00 /* PaidSubscription.swift */; };
		1A62EF1920A0922500F38F00 /* Session.swift in Sources */ = {isa = PBXBuildFile; fileRef = 1A62EF1820A0922500F38F00 /* Session.swift */; };
		1A62EF1D20A151B500F38F00 /* LoadingViewController.swift in Sources */ = {isa = PBXBuildFile; fileRef = 1A62EF1C20A151B500F38F00 /* LoadingViewController.swift */; };
		1A62EF2520A157C200F38F00 /* airballoons.jpg in Resources */ = {isa = PBXBuildFile; fileRef = 1A62EF1E20A157C000F38F00 /* airballoons.jpg */; };
		1A62EF2620A157C200F38F00 /* starrynight.jpg in Resources */ = {isa = PBXBuildFile; fileRef = 1A62EF1F20A157C100F38F00 /* starrynight.jpg */; };
		1A62EF2720A157C200F38F00 /* Colorcloud.jpg in Resources */ = {isa = PBXBuildFile; fileRef = 1A62EF2020A157C100F38F00 /* Colorcloud.jpg */; };
		1A62EF2820A157C200F38F00 /* mountain.jpg in Resources */ = {isa = PBXBuildFile; fileRef = 1A62EF2120A157C100F38F00 /* mountain.jpg */; };
		1A62EF2920A157C200F38F00 /* whitetower.jpg in Resources */ = {isa = PBXBuildFile; fileRef = 1A62EF2220A157C100F38F00 /* whitetower.jpg */; };
		1A62EF2A20A157C200F38F00 /* babylion.jpg in Resources */ = {isa = PBXBuildFile; fileRef = 1A62EF2320A157C100F38F00 /* babylion.jpg */; };
		1A62EF2B20A157C200F38F00 /* road.jpg in Resources */ = {isa = PBXBuildFile; fileRef = 1A62EF2420A157C200F38F00 /* road.jpg */; };
		1A62EF2D20A1D31F00F38F00 /* PricingCollectionViewCell.swift in Sources */ = {isa = PBXBuildFile; fileRef = 1A62EF2C20A1D31F00F38F00 /* PricingCollectionViewCell.swift */; };
		1A62EF2F20A1E4C200F38F00 /* lockicon.png in Resources */ = {isa = PBXBuildFile; fileRef = 1A62EF2E20A1E4C100F38F00 /* lockicon.png */; };
		1A62EF3A20A1E6FD00F38F00 /* BackButtonWhite.png in Resources */ = {isa = PBXBuildFile; fileRef = 1A62EF3020A1E6F800F38F00 /* BackButtonWhite.png */; };
		1A62EF3B20A1E6FD00F38F00 /* FontsBlack.png in Resources */ = {isa = PBXBuildFile; fileRef = 1A62EF3120A1E6F900F38F00 /* FontsBlack.png */; };
		1A62EF3C20A1E6FD00F38F00 /* CategoriesBlack.png in Resources */ = {isa = PBXBuildFile; fileRef = 1A62EF3220A1E6F900F38F00 /* CategoriesBlack.png */; };
		1A62EF3D20A1E6FD00F38F00 /* AlarmIconWhite.png in Resources */ = {isa = PBXBuildFile; fileRef = 1A62EF3320A1E6FA00F38F00 /* AlarmIconWhite.png */; };
		1A62EF3E20A1E6FD00F38F00 /* FontsWhite.png in Resources */ = {isa = PBXBuildFile; fileRef = 1A62EF3420A1E6FA00F38F00 /* FontsWhite.png */; };
		1A62EF3F20A1E6FD00F38F00 /* NoAdsBlack.png in Resources */ = {isa = PBXBuildFile; fileRef = 1A62EF3520A1E6FA00F38F00 /* NoAdsBlack.png */; };
		1A62EF4020A1E6FD00F38F00 /* CategoriesWhite.png in Resources */ = {isa = PBXBuildFile; fileRef = 1A62EF3620A1E6FB00F38F00 /* CategoriesWhite.png */; };
		1A62EF4120A1E6FD00F38F00 /* NoAdsWhite.png in Resources */ = {isa = PBXBuildFile; fileRef = 1A62EF3720A1E6FB00F38F00 /* NoAdsWhite.png */; };
		1A62EF4220A1E6FD00F38F00 /* AlarmIconBlack.png in Resources */ = {isa = PBXBuildFile; fileRef = 1A62EF3820A1E6FC00F38F00 /* AlarmIconBlack.png */; };
		1A62EF4320A1E6FD00F38F00 /* BackButtonBlack.png in Resources */ = {isa = PBXBuildFile; fileRef = 1A62EF3920A1E6FC00F38F00 /* BackButtonBlack.png */; };
		1A62EF4A20A25DB700F38F00 /* ContactUsBlack.png in Resources */ = {isa = PBXBuildFile; fileRef = 1A62EF4420A25DAC00F38F00 /* ContactUsBlack.png */; };
		1A62EF4B20A25DB700F38F00 /* PeopleBlack.png in Resources */ = {isa = PBXBuildFile; fileRef = 1A62EF4520A25DAE00F38F00 /* PeopleBlack.png */; };
		1A62EF4C20A25DB700F38F00 /* ContactUsWhite.png in Resources */ = {isa = PBXBuildFile; fileRef = 1A62EF4620A25DB000F38F00 /* ContactUsWhite.png */; };
		1A62EF4D20A25DB700F38F00 /* PeopleWhite.png in Resources */ = {isa = PBXBuildFile; fileRef = 1A62EF4720A25DB100F38F00 /* PeopleWhite.png */; };
		1A62EF4E20A25DB700F38F00 /* PersonalWhite.png in Resources */ = {isa = PBXBuildFile; fileRef = 1A62EF4820A25DB200F38F00 /* PersonalWhite.png */; };
		1A62EF4F20A25DB700F38F00 /* PersonalBlack.png in Resources */ = {isa = PBXBuildFile; fileRef = 1A62EF4920A25DB500F38F00 /* PersonalBlack.png */; };
		1A96D546203E43F600254090 /* Screen Shot 2018-02-21 at 6.18.16 PM.png in Resources */ = {isa = PBXBuildFile; fileRef = 1A96D545203E43F500254090 /* Screen Shot 2018-02-21 at 6.18.16 PM.png */; };
		1A96D54A203FA31300254090 /* LoadQuotes.swift in Sources */ = {isa = PBXBuildFile; fileRef = 1A96D549203FA31300254090 /* LoadQuotes.swift */; };
		1AA123722044E9870004C1AE /* MainMenuTableViewController.swift in Sources */ = {isa = PBXBuildFile; fileRef = 1AA123712044E9870004C1AE /* MainMenuTableViewController.swift */; };
		1AA123742044F22D0004C1AE /* Share-icon-iOS.jpg in Resources */ = {isa = PBXBuildFile; fileRef = 1AA123732044F22C0004C1AE /* Share-icon-iOS.jpg */; };
		1AA123762044F3D00004C1AE /* share_icon_white.jpg in Resources */ = {isa = PBXBuildFile; fileRef = 1AA123752044F3CF0004C1AE /* share_icon_white.jpg */; };
		1AA123782044F4B40004C1AE /* search.png in Resources */ = {isa = PBXBuildFile; fileRef = 1AA123772044F4B30004C1AE /* search.png */; };
		1AA3841A204B7D23007E4241 /* SearchView.swift in Sources */ = {isa = PBXBuildFile; fileRef = 1AA38419204B7D23007E4241 /* SearchView.swift */; };
		1AA3841F20523792007E4241 /* SettingsPage.swift in Sources */ = {isa = PBXBuildFile; fileRef = 1AA3841E20523792007E4241 /* SettingsPage.swift */; };
		1AA4389A2033E521000C7238 /* QuoteClass.swift in Sources */ = {isa = PBXBuildFile; fileRef = 1AA438992033E521000C7238 /* QuoteClass.swift */; };
		1AA4389C2033E629000C7238 /* FrontPage.swift in Sources */ = {isa = PBXBuildFile; fileRef = 1AA4389B2033E629000C7238 /* FrontPage.swift */; };
		1AACFE921FF2F65E00E6424D /* AppDelegate.swift in Sources */ = {isa = PBXBuildFile; fileRef = 1AACFE911FF2F65E00E6424D /* AppDelegate.swift */; };
		1AACFE971FF2F65E00E6424D /* Main.storyboard in Resources */ = {isa = PBXBuildFile; fileRef = 1AACFE951FF2F65E00E6424D /* Main.storyboard */; };
		1AACFE9C1FF2F65E00E6424D /* LaunchScreen.storyboard in Resources */ = {isa = PBXBuildFile; fileRef = 1AACFE9A1FF2F65E00E6424D /* LaunchScreen.storyboard */; };
		1AAE1C332083F88B00345E1F /* AlarmMenuCell.swift in Sources */ = {isa = PBXBuildFile; fileRef = 1AAE1C322083F88B00345E1F /* AlarmMenuCell.swift */; };
		1AAE1C3520840E5E00345E1F /* EditAlarm.swift in Sources */ = {isa = PBXBuildFile; fileRef = 1AAE1C3420840E5D00345E1F /* EditAlarm.swift */; };
		1AB47C6F1FFC461B00F547E4 /* Podfile in Resources */ = {isa = PBXBuildFile; fileRef = 1AB47C6E1FFC461B00F547E4 /* Podfile */; };
		1AB47C872001A4DB00F547E4 /* Images.xcassets in Resources */ = {isa = PBXBuildFile; fileRef = 1AB47C862001A4DA00F547E4 /* Images.xcassets */; };
		1AB47C8B2001DBF000F547E4 /* GoogleService-Info.plist in Resources */ = {isa = PBXBuildFile; fileRef = 1AB47C8A2001DBEE00F547E4 /* GoogleService-Info.plist */; };
		1AB47CAE20033B7E00F547E4 /* StoreKit.framework in Frameworks */ = {isa = PBXBuildFile; fileRef = 1AB47CAD20033B7E00F547E4 /* StoreKit.framework */; };
		1AE8853820523DCA0000B56A /* IMG_0739.GIF in Resources */ = {isa = PBXBuildFile; fileRef = 1AE8853720523DCA0000B56A /* IMG_0739.GIF */; };
		1AE8853A2052502C0000B56A /* AlarmsTableViewController.swift in Sources */ = {isa = PBXBuildFile; fileRef = 1AE885392052502C0000B56A /* AlarmsTableViewController.swift */; };
		1AFCC5062093F0310021941B /* CreateQuote.swift in Sources */ = {isa = PBXBuildFile; fileRef = 1AFCC5052093F0310021941B /* CreateQuote.swift */; };
		81056506208D821200BB9433 /* SearchBlack.png in Resources */ = {isa = PBXBuildFile; fileRef = 81056500208D820F00BB9433 /* SearchBlack.png */; };
		81056507208D821200BB9433 /* SearchWhite.png in Resources */ = {isa = PBXBuildFile; fileRef = 81056501208D821000BB9433 /* SearchWhite.png */; };
		81056508208D821300BB9433 /* ShareWhite.png in Resources */ = {isa = PBXBuildFile; fileRef = 81056502208D821000BB9433 /* ShareWhite.png */; };
		81056509208D821300BB9433 /* MenuWhite.png in Resources */ = {isa = PBXBuildFile; fileRef = 81056503208D821100BB9433 /* MenuWhite.png */; };
		8105650A208D821300BB9433 /* ShareBlack.png in Resources */ = {isa = PBXBuildFile; fileRef = 81056504208D821100BB9433 /* ShareBlack.png */; };
		8105650B208D821300BB9433 /* MenuBlack.png in Resources */ = {isa = PBXBuildFile; fileRef = 81056505208D821200BB9433 /* MenuBlack.png */; };
		812405F420884398006E7AB7 /* Fonts in Resources */ = {isa = PBXBuildFile; fileRef = 812405F320884397006E7AB7 /* Fonts */; };
		812405F620884417006E7AB7 /* TradeGothic-BoldCondTwenty.otf in Resources */ = {isa = PBXBuildFile; fileRef = 812405F520884417006E7AB7 /* TradeGothic-BoldCondTwenty.otf */; };
		812405F8208BCB0A006E7AB7 /* ContactInfo.swift in Sources */ = {isa = PBXBuildFile; fileRef = 812405F7208BCB0A006E7AB7 /* ContactInfo.swift */; };
		812405FA208BF548006E7AB7 /* Customization.swift in Sources */ = {isa = PBXBuildFile; fileRef = 812405F9208BF548006E7AB7 /* Customization.swift */; };
		812405FE208CDE50006E7AB7 /* FontCell.swift in Sources */ = {isa = PBXBuildFile; fileRef = 812405FD208CDE50006E7AB7 /* FontCell.swift */; };
		81542FAD20A397420018D234 /* Schema.swift in Sources */ = {isa = PBXBuildFile; fileRef = 81542FAC20A397420018D234 /* Schema.swift */; };
		81542FAF20A3A4550018D234 /* LoadSchemas.swift in Sources */ = {isa = PBXBuildFile; fileRef = 81542FAE20A3A4550018D234 /* LoadSchemas.swift */; };
/* End PBXBuildFile section */

/* Begin PBXCopyFilesBuildPhase section */
		1AA438982033E2DB000C7238 /* Embed Frameworks */ = {
			isa = PBXCopyFilesBuildPhase;
			buildActionMask = 2147483647;
			dstPath = "";
			dstSubfolderSpec = 10;
			files = (
			);
			name = "Embed Frameworks";
			runOnlyForDeploymentPostprocessing = 0;
		};
/* End PBXCopyFilesBuildPhase section */

/* Begin PBXFileReference section */
		1A0999FE2019873600B22EDE /* IAP.swift */ = {isa = PBXFileReference; lastKnownFileType = sourcecode.swift; path = IAP.swift; sourceTree = "<group>"; };
		1A0DC0CB20A3DEC5007FEA6B /* clouds.jpg */ = {isa = PBXFileReference; lastKnownFileType = image.jpeg; path = clouds.jpg; sourceTree = "<group>"; };
		1A0DC0CC20A3DED0007FEA6B /* fyah.jpg */ = {isa = PBXFileReference; lastKnownFileType = image.jpeg; path = fyah.jpg; sourceTree = "<group>"; };
		1A0DC0CD20A3DED2007FEA6B /* butterfly.jpg */ = {isa = PBXFileReference; lastKnownFileType = image.jpeg; path = butterfly.jpg; sourceTree = "<group>"; };
		1A0DC0CE20A3DED3007FEA6B /* hotair.jpg */ = {isa = PBXFileReference; lastKnownFileType = image.jpeg; path = hotair.jpg; sourceTree = "<group>"; };
		1A0DC0CF20A3DED5007FEA6B /* tempestuousocean.jpg */ = {isa = PBXFileReference; lastKnownFileType = image.jpeg; path = tempestuousocean.jpg; sourceTree = "<group>"; };
		1A0DC0D020A3DED7007FEA6B /* ferriswheel.jpg */ = {isa = PBXFileReference; lastKnownFileType = image.jpeg; path = ferriswheel.jpg; sourceTree = "<group>"; };
		1A0DC0D120A3DED9007FEA6B /* aurora.jpg */ = {isa = PBXFileReference; lastKnownFileType = image.jpeg; path = aurora.jpg; sourceTree = "<group>"; };
		1A0DC0D220A3DEDA007FEA6B /* colorsky.jpg */ = {isa = PBXFileReference; lastKnownFileType = image.jpeg; path = colorsky.jpg; sourceTree = "<group>"; };
		1A0DC0D320A3DEDC007FEA6B /* desertwalk.jpg */ = {isa = PBXFileReference; lastKnownFileType = image.jpeg; path = desertwalk.jpg; sourceTree = "<group>"; };
		1A0DC0DD20A3DEEE007FEA6B /* basketballcourt.jpg */ = {isa = PBXFileReference; lastKnownFileType = image.jpeg; name = basketballcourt.jpg; path = "/Users/James/Documents/Not School/AppExamples/Quotes0_7/Quotes/Quotes/imageFiles/basketballcourt.jpg"; sourceTree = "<absolute>"; };
		1A0DC0DE20A3DEEE007FEA6B /* colorhallway.jpg */ = {isa = PBXFileReference; lastKnownFileType = image.jpeg; name = colorhallway.jpg; path = "/Users/James/Documents/Not School/AppExamples/Quotes0_7/Quotes/Quotes/imageFiles/colorhallway.jpg"; sourceTree = "<absolute>"; };
		1A0DC0DF20A3DEEE007FEA6B /* whitemountain.jpg */ = {isa = PBXFileReference; lastKnownFileType = image.jpeg; name = whitemountain.jpg; path = "/Users/James/Documents/Not School/AppExamples/Quotes0_7/Quotes/Quotes/imageFiles/whitemountain.jpg"; sourceTree = "<absolute>"; };
		1A0DC0E020A3DEEF007FEA6B /* City.jpg */ = {isa = PBXFileReference; lastKnownFileType = image.jpeg; name = City.jpg; path = "/Users/James/Documents/Not School/AppExamples/Quotes0_7/Quotes/Quotes/imageFiles/City.jpg"; sourceTree = "<absolute>"; };
		1A0DC0E120A3DEEF007FEA6B /* towerdown.jpg */ = {isa = PBXFileReference; lastKnownFileType = image.jpeg; name = towerdown.jpg; path = "/Users/James/Documents/Not School/AppExamples/Quotes0_7/Quotes/Quotes/imageFiles/towerdown.jpg"; sourceTree = "<absolute>"; };
		1A62EF10209FA39100F38F00 /* PurchaseView.swift */ = {isa = PBXFileReference; lastKnownFileType = sourcecode.swift; path = PurchaseView.swift; sourceTree = "<group>"; };
		1A62EF1420A08E2800F38F00 /* Subscription.swift */ = {isa = PBXFileReference; fileEncoding = 4; lastKnownFileType = sourcecode.swift; path = Subscription.swift; sourceTree = "<group>"; };
		1A62EF1620A08E8900F38F00 /* PaidSubscription.swift */ = {isa = PBXFileReference; fileEncoding = 4; lastKnownFileType = sourcecode.swift; path = PaidSubscription.swift; sourceTree = "<group>"; };
		1A62EF1820A0922500F38F00 /* Session.swift */ = {isa = PBXFileReference; fileEncoding = 4; lastKnownFileType = sourcecode.swift; path = Session.swift; sourceTree = "<group>"; };
		1A62EF1C20A151B500F38F00 /* LoadingViewController.swift */ = {isa = PBXFileReference; lastKnownFileType = sourcecode.swift; path = LoadingViewController.swift; sourceTree = "<group>"; };
		1A62EF1E20A157C000F38F00 /* airballoons.jpg */ = {isa = PBXFileReference; lastKnownFileType = image.jpeg; path = airballoons.jpg; sourceTree = "<group>"; };
		1A62EF1F20A157C100F38F00 /* starrynight.jpg */ = {isa = PBXFileReference; lastKnownFileType = image.jpeg; path = starrynight.jpg; sourceTree = "<group>"; };
		1A62EF2020A157C100F38F00 /* Colorcloud.jpg */ = {isa = PBXFileReference; lastKnownFileType = image.jpeg; path = Colorcloud.jpg; sourceTree = "<group>"; };
		1A62EF2120A157C100F38F00 /* mountain.jpg */ = {isa = PBXFileReference; lastKnownFileType = image.jpeg; path = mountain.jpg; sourceTree = "<group>"; };
		1A62EF2220A157C100F38F00 /* whitetower.jpg */ = {isa = PBXFileReference; lastKnownFileType = image.jpeg; path = whitetower.jpg; sourceTree = "<group>"; };
		1A62EF2320A157C100F38F00 /* babylion.jpg */ = {isa = PBXFileReference; lastKnownFileType = image.jpeg; path = babylion.jpg; sourceTree = "<group>"; };
		1A62EF2420A157C200F38F00 /* road.jpg */ = {isa = PBXFileReference; lastKnownFileType = image.jpeg; path = road.jpg; sourceTree = "<group>"; };
		1A62EF2C20A1D31F00F38F00 /* PricingCollectionViewCell.swift */ = {isa = PBXFileReference; lastKnownFileType = sourcecode.swift; path = PricingCollectionViewCell.swift; sourceTree = "<group>"; };
		1A62EF2E20A1E4C100F38F00 /* lockicon.png */ = {isa = PBXFileReference; lastKnownFileType = image.png; path = lockicon.png; sourceTree = "<group>"; };
		1A62EF3020A1E6F800F38F00 /* BackButtonWhite.png */ = {isa = PBXFileReference; lastKnownFileType = image.png; path = BackButtonWhite.png; sourceTree = "<group>"; };
		1A62EF3120A1E6F900F38F00 /* FontsBlack.png */ = {isa = PBXFileReference; lastKnownFileType = image.png; path = FontsBlack.png; sourceTree = "<group>"; };
		1A62EF3220A1E6F900F38F00 /* CategoriesBlack.png */ = {isa = PBXFileReference; lastKnownFileType = image.png; path = CategoriesBlack.png; sourceTree = "<group>"; };
		1A62EF3320A1E6FA00F38F00 /* AlarmIconWhite.png */ = {isa = PBXFileReference; lastKnownFileType = image.png; path = AlarmIconWhite.png; sourceTree = "<group>"; };
		1A62EF3420A1E6FA00F38F00 /* FontsWhite.png */ = {isa = PBXFileReference; lastKnownFileType = image.png; path = FontsWhite.png; sourceTree = "<group>"; };
		1A62EF3520A1E6FA00F38F00 /* NoAdsBlack.png */ = {isa = PBXFileReference; lastKnownFileType = image.png; path = NoAdsBlack.png; sourceTree = "<group>"; };
		1A62EF3620A1E6FB00F38F00 /* CategoriesWhite.png */ = {isa = PBXFileReference; lastKnownFileType = image.png; path = CategoriesWhite.png; sourceTree = "<group>"; };
		1A62EF3720A1E6FB00F38F00 /* NoAdsWhite.png */ = {isa = PBXFileReference; lastKnownFileType = image.png; path = NoAdsWhite.png; sourceTree = "<group>"; };
		1A62EF3820A1E6FC00F38F00 /* AlarmIconBlack.png */ = {isa = PBXFileReference; lastKnownFileType = image.png; path = AlarmIconBlack.png; sourceTree = "<group>"; };
		1A62EF3920A1E6FC00F38F00 /* BackButtonBlack.png */ = {isa = PBXFileReference; lastKnownFileType = image.png; path = BackButtonBlack.png; sourceTree = "<group>"; };
		1A62EF4420A25DAC00F38F00 /* ContactUsBlack.png */ = {isa = PBXFileReference; lastKnownFileType = image.png; path = ContactUsBlack.png; sourceTree = "<group>"; };
		1A62EF4520A25DAE00F38F00 /* PeopleBlack.png */ = {isa = PBXFileReference; lastKnownFileType = image.png; path = PeopleBlack.png; sourceTree = "<group>"; };
		1A62EF4620A25DB000F38F00 /* ContactUsWhite.png */ = {isa = PBXFileReference; lastKnownFileType = image.png; path = ContactUsWhite.png; sourceTree = "<group>"; };
		1A62EF4720A25DB100F38F00 /* PeopleWhite.png */ = {isa = PBXFileReference; lastKnownFileType = image.png; path = PeopleWhite.png; sourceTree = "<group>"; };
		1A62EF4820A25DB200F38F00 /* PersonalWhite.png */ = {isa = PBXFileReference; lastKnownFileType = image.png; path = PersonalWhite.png; sourceTree = "<group>"; };
		1A62EF4920A25DB500F38F00 /* PersonalBlack.png */ = {isa = PBXFileReference; lastKnownFileType = image.png; path = PersonalBlack.png; sourceTree = "<group>"; };
		1A96D545203E43F500254090 /* Screen Shot 2018-02-21 at 6.18.16 PM.png */ = {isa = PBXFileReference; lastKnownFileType = image.png; path = "Screen Shot 2018-02-21 at 6.18.16 PM.png"; sourceTree = "<group>"; };
		1A96D549203FA31300254090 /* LoadQuotes.swift */ = {isa = PBXFileReference; fileEncoding = 4; lastKnownFileType = sourcecode.swift; path = LoadQuotes.swift; sourceTree = "<group>"; };
		1AA123712044E9870004C1AE /* MainMenuTableViewController.swift */ = {isa = PBXFileReference; lastKnownFileType = sourcecode.swift; path = MainMenuTableViewController.swift; sourceTree = "<group>"; };
		1AA123732044F22C0004C1AE /* Share-icon-iOS.jpg */ = {isa = PBXFileReference; lastKnownFileType = image.jpeg; path = "Share-icon-iOS.jpg"; sourceTree = "<group>"; };
		1AA123752044F3CF0004C1AE /* share_icon_white.jpg */ = {isa = PBXFileReference; lastKnownFileType = image.jpeg; path = share_icon_white.jpg; sourceTree = "<group>"; };
		1AA123772044F4B30004C1AE /* search.png */ = {isa = PBXFileReference; lastKnownFileType = image.png; path = search.png; sourceTree = "<group>"; };
		1AA38419204B7D23007E4241 /* SearchView.swift */ = {isa = PBXFileReference; lastKnownFileType = sourcecode.swift; path = SearchView.swift; sourceTree = "<group>"; };
		1AA3841E20523792007E4241 /* SettingsPage.swift */ = {isa = PBXFileReference; lastKnownFileType = sourcecode.swift; path = SettingsPage.swift; sourceTree = "<group>"; };
		1AA438992033E521000C7238 /* QuoteClass.swift */ = {isa = PBXFileReference; lastKnownFileType = sourcecode.swift; path = QuoteClass.swift; sourceTree = "<group>"; };
		1AA4389B2033E629000C7238 /* FrontPage.swift */ = {isa = PBXFileReference; lastKnownFileType = sourcecode.swift; path = FrontPage.swift; sourceTree = "<group>"; };
		1AACFE8E1FF2F65E00E6424D /* Quotes.app */ = {isa = PBXFileReference; explicitFileType = wrapper.application; includeInIndex = 0; path = Quotes.app; sourceTree = BUILT_PRODUCTS_DIR; };
		1AACFE911FF2F65E00E6424D /* AppDelegate.swift */ = {isa = PBXFileReference; lastKnownFileType = sourcecode.swift; path = AppDelegate.swift; sourceTree = "<group>"; };
		1AACFE961FF2F65E00E6424D /* Base */ = {isa = PBXFileReference; lastKnownFileType = file.storyboard; name = Base; path = Base.lproj/Main.storyboard; sourceTree = "<group>"; };
		1AACFE9B1FF2F65E00E6424D /* Base */ = {isa = PBXFileReference; lastKnownFileType = file.storyboard; name = Base; path = Base.lproj/LaunchScreen.storyboard; sourceTree = "<group>"; };
		1AACFE9D1FF2F65E00E6424D /* Info.plist */ = {isa = PBXFileReference; lastKnownFileType = text.plist.xml; path = Info.plist; sourceTree = "<group>"; };
		1AAE1C322083F88B00345E1F /* AlarmMenuCell.swift */ = {isa = PBXFileReference; lastKnownFileType = sourcecode.swift; path = AlarmMenuCell.swift; sourceTree = "<group>"; };
		1AAE1C3420840E5D00345E1F /* EditAlarm.swift */ = {isa = PBXFileReference; lastKnownFileType = sourcecode.swift; path = EditAlarm.swift; sourceTree = "<group>"; };
		1AB47C6E1FFC461B00F547E4 /* Podfile */ = {isa = PBXFileReference; fileEncoding = 4; lastKnownFileType = text; path = Podfile; sourceTree = "<group>"; xcLanguageSpecificationIdentifier = xcode.lang.ruby; };
		1AB47C862001A4DA00F547E4 /* Images.xcassets */ = {isa = PBXFileReference; lastKnownFileType = folder.assetcatalog; path = Images.xcassets; sourceTree = "<group>"; };
		1AB47C8A2001DBEE00F547E4 /* GoogleService-Info.plist */ = {isa = PBXFileReference; fileEncoding = 4; lastKnownFileType = text.plist.xml; path = "GoogleService-Info.plist"; sourceTree = "<group>"; };
		1AB47C8C2001DD3D00F547E4 /* Quotes.entitlements */ = {isa = PBXFileReference; lastKnownFileType = text.plist.entitlements; path = Quotes.entitlements; sourceTree = "<group>"; };
		1AB47CAD20033B7E00F547E4 /* StoreKit.framework */ = {isa = PBXFileReference; lastKnownFileType = wrapper.framework; name = StoreKit.framework; path = System/Library/Frameworks/StoreKit.framework; sourceTree = SDKROOT; };
		1AE8853720523DCA0000B56A /* IMG_0739.GIF */ = {isa = PBXFileReference; lastKnownFileType = image.gif; name = IMG_0739.GIF; path = Quotes/IMG_0739.GIF; sourceTree = SOURCE_ROOT; };
		1AE885392052502C0000B56A /* AlarmsTableViewController.swift */ = {isa = PBXFileReference; lastKnownFileType = sourcecode.swift; path = AlarmsTableViewController.swift; sourceTree = "<group>"; };
		1AFCC5052093F0310021941B /* CreateQuote.swift */ = {isa = PBXFileReference; fileEncoding = 4; lastKnownFileType = sourcecode.swift; path = CreateQuote.swift; sourceTree = "<group>"; };
		2A8CF04DADF9897ECF626049 /* Pods-Quotes.debug.xcconfig */ = {isa = PBXFileReference; includeInIndex = 1; lastKnownFileType = text.xcconfig; name = "Pods-Quotes.debug.xcconfig"; path = "Pods/Target Support Files/Pods-Quotes/Pods-Quotes.debug.xcconfig"; sourceTree = "<group>"; };
		810564F3208D7B5800BB9433 /* Screen Shot 2018-02-21 at 6.18.16 PM.png */ = {isa = PBXFileReference; lastKnownFileType = image.png; name = "Screen Shot 2018-02-21 at 6.18.16 PM.png"; path = "/Users/blakenelson/Desktop/Quotes/Quotes/imageFiles/Screen Shot 2018-02-21 at 6.18.16 PM.png"; sourceTree = "<absolute>"; };
		81056500208D820F00BB9433 /* SearchBlack.png */ = {isa = PBXFileReference; lastKnownFileType = image.png; path = SearchBlack.png; sourceTree = "<group>"; };
		81056501208D821000BB9433 /* SearchWhite.png */ = {isa = PBXFileReference; lastKnownFileType = image.png; path = SearchWhite.png; sourceTree = "<group>"; };
		81056502208D821000BB9433 /* ShareWhite.png */ = {isa = PBXFileReference; lastKnownFileType = image.png; path = ShareWhite.png; sourceTree = "<group>"; };
		81056503208D821100BB9433 /* MenuWhite.png */ = {isa = PBXFileReference; lastKnownFileType = image.png; path = MenuWhite.png; sourceTree = "<group>"; };
		81056504208D821100BB9433 /* ShareBlack.png */ = {isa = PBXFileReference; lastKnownFileType = image.png; path = ShareBlack.png; sourceTree = "<group>"; };
		81056505208D821200BB9433 /* MenuBlack.png */ = {isa = PBXFileReference; lastKnownFileType = image.png; path = MenuBlack.png; sourceTree = "<group>"; };
		812405F320884397006E7AB7 /* Fonts */ = {isa = PBXFileReference; lastKnownFileType = folder; path = Fonts; sourceTree = SOURCE_ROOT; };
		812405F520884417006E7AB7 /* TradeGothic-BoldCondTwenty.otf */ = {isa = PBXFileReference; lastKnownFileType = file; name = "TradeGothic-BoldCondTwenty.otf"; path = "Fonts/TradeGothic-BoldCondTwenty.otf"; sourceTree = "<group>"; };
		812405F7208BCB0A006E7AB7 /* ContactInfo.swift */ = {isa = PBXFileReference; lastKnownFileType = sourcecode.swift; path = ContactInfo.swift; sourceTree = "<group>"; };
		812405F9208BF548006E7AB7 /* Customization.swift */ = {isa = PBXFileReference; lastKnownFileType = sourcecode.swift; path = Customization.swift; sourceTree = "<group>"; };
		812405FD208CDE50006E7AB7 /* FontCell.swift */ = {isa = PBXFileReference; lastKnownFileType = sourcecode.swift; path = FontCell.swift; sourceTree = "<group>"; };
		81542FAC20A397420018D234 /* Schema.swift */ = {isa = PBXFileReference; lastKnownFileType = sourcecode.swift; path = Schema.swift; sourceTree = "<group>"; };
		81542FAE20A3A4550018D234 /* LoadSchemas.swift */ = {isa = PBXFileReference; lastKnownFileType = sourcecode.swift; path = LoadSchemas.swift; sourceTree = "<group>"; };
		D5C9F4AF315A58A95F012AA3 /* Pods-Quotes.release.xcconfig */ = {isa = PBXFileReference; includeInIndex = 1; lastKnownFileType = text.xcconfig; name = "Pods-Quotes.release.xcconfig"; path = "Pods/Target Support Files/Pods-Quotes/Pods-Quotes.release.xcconfig"; sourceTree = "<group>"; };
		E35B5BE74640BD28174D4574 /* Pods_Quotes.framework */ = {isa = PBXFileReference; explicitFileType = wrapper.framework; includeInIndex = 0; path = Pods_Quotes.framework; sourceTree = BUILT_PRODUCTS_DIR; };
/* End PBXFileReference section */

/* Begin PBXFrameworksBuildPhase section */
		1AACFE8B1FF2F65E00E6424D /* Frameworks */ = {
			isa = PBXFrameworksBuildPhase;
			buildActionMask = 2147483647;
			files = (
				111C8B1C3E3B7158D8343E6F /* Pods_Quotes.framework in Frameworks */,
				1AB47CAE20033B7E00F547E4 /* StoreKit.framework in Frameworks */,
			);
			runOnlyForDeploymentPostprocessing = 0;
		};
/* End PBXFrameworksBuildPhase section */

/* Begin PBXGroup section */
		1A0DC0E220A3E02E007FEA6B /* Database */ = {
			isa = PBXGroup;
			children = (
				1AA438992033E521000C7238 /* QuoteClass.swift */,
				1A96D549203FA31300254090 /* LoadQuotes.swift */,
				81542FAE20A3A4550018D234 /* LoadSchemas.swift */,
				81542FAC20A397420018D234 /* Schema.swift */,
			);
			path = Database;
			sourceTree = "<group>";
		};
		1A62EF5020A25DFE00F38F00 /* Alarms */ = {
			isa = PBXGroup;
			children = (
				1AE885392052502C0000B56A /* AlarmsTableViewController.swift */,
				1AA3841E20523792007E4241 /* SettingsPage.swift */,
				1AAE1C322083F88B00345E1F /* AlarmMenuCell.swift */,
				1AAE1C3420840E5D00345E1F /* EditAlarm.swift */,
			);
			path = Alarms;
			sourceTree = "<group>";
		};
		1A62EF5120A25F0D00F38F00 /* Purchasing */ = {
			isa = PBXGroup;
			children = (
				1A62EF1620A08E8900F38F00 /* PaidSubscription.swift */,
				1A62EF1420A08E2800F38F00 /* Subscription.swift */,
				1A0999FE2019873600B22EDE /* IAP.swift */,
				1A62EF1820A0922500F38F00 /* Session.swift */,
				1A62EF2C20A1D31F00F38F00 /* PricingCollectionViewCell.swift */,
				1A62EF10209FA39100F38F00 /* PurchaseView.swift */,
			);
			path = Purchasing;
			sourceTree = "<group>";
		};
		1A62EF5220A25F2B00F38F00 /* MainFunctionality */ = {
			isa = PBXGroup;
			children = (
				1A62EF1C20A151B500F38F00 /* LoadingViewController.swift */,
				1AACFE911FF2F65E00E6424D /* AppDelegate.swift */,
				1AA4389B2033E629000C7238 /* FrontPage.swift */,
				1AA123712044E9870004C1AE /* MainMenuTableViewController.swift */,
			);
			path = MainFunctionality;
			sourceTree = "<group>";
		};
		1A62EF5320A25F6300F38F00 /* Features */ = {
			isa = PBXGroup;
			children = (
				1AA38419204B7D23007E4241 /* SearchView.swift */,
				812405FD208CDE50006E7AB7 /* FontCell.swift */,
				812405F9208BF548006E7AB7 /* Customization.swift */,
				812405F7208BCB0A006E7AB7 /* ContactInfo.swift */,
				1AFCC5052093F0310021941B /* CreateQuote.swift */,
			);
			path = Features;
			sourceTree = "<group>";
		};
		1AA3841B205232BD007E4241 /* imageFiles */ = {
			isa = PBXGroup;
			children = (
				1A0DC0DD20A3DEEE007FEA6B /* basketballcourt.jpg */,
				1A0DC0E020A3DEEF007FEA6B /* City.jpg */,
				1A0DC0DE20A3DEEE007FEA6B /* colorhallway.jpg */,
				1A0DC0E120A3DEEF007FEA6B /* towerdown.jpg */,
				1A0DC0DF20A3DEEE007FEA6B /* whitemountain.jpg */,
				1A0DC0D120A3DED9007FEA6B /* aurora.jpg */,
				1A0DC0CD20A3DED2007FEA6B /* butterfly.jpg */,
				1A0DC0CB20A3DEC5007FEA6B /* clouds.jpg */,
				1A0DC0D220A3DEDA007FEA6B /* colorsky.jpg */,
				1A0DC0D320A3DEDC007FEA6B /* desertwalk.jpg */,
				1A0DC0D020A3DED7007FEA6B /* ferriswheel.jpg */,
				1A0DC0CC20A3DED0007FEA6B /* fyah.jpg */,
				1A0DC0CE20A3DED3007FEA6B /* hotair.jpg */,
				1A0DC0CF20A3DED5007FEA6B /* tempestuousocean.jpg */,
				1A62EF4420A25DAC00F38F00 /* ContactUsBlack.png */,
				1A62EF4620A25DB000F38F00 /* ContactUsWhite.png */,
				1A62EF4520A25DAE00F38F00 /* PeopleBlack.png */,
				1A62EF4720A25DB100F38F00 /* PeopleWhite.png */,
				1A62EF4920A25DB500F38F00 /* PersonalBlack.png */,
				1A62EF4820A25DB200F38F00 /* PersonalWhite.png */,
				1A62EF3820A1E6FC00F38F00 /* AlarmIconBlack.png */,
				1A62EF3320A1E6FA00F38F00 /* AlarmIconWhite.png */,
				1A62EF3920A1E6FC00F38F00 /* BackButtonBlack.png */,
				1A62EF3020A1E6F800F38F00 /* BackButtonWhite.png */,
				1A62EF3220A1E6F900F38F00 /* CategoriesBlack.png */,
				1A62EF3620A1E6FB00F38F00 /* CategoriesWhite.png */,
				1A62EF3120A1E6F900F38F00 /* FontsBlack.png */,
				1A62EF3420A1E6FA00F38F00 /* FontsWhite.png */,
				1A62EF3520A1E6FA00F38F00 /* NoAdsBlack.png */,
				1A62EF3720A1E6FB00F38F00 /* NoAdsWhite.png */,
				1A62EF2E20A1E4C100F38F00 /* lockicon.png */,
				1A62EF1E20A157C000F38F00 /* airballoons.jpg */,
				1A62EF2320A157C100F38F00 /* babylion.jpg */,
				1A62EF2020A157C100F38F00 /* Colorcloud.jpg */,
				1A62EF2120A157C100F38F00 /* mountain.jpg */,
				1A62EF2420A157C200F38F00 /* road.jpg */,
				1A62EF1F20A157C100F38F00 /* starrynight.jpg */,
				1A62EF2220A157C100F38F00 /* whitetower.jpg */,
				81056505208D821200BB9433 /* MenuBlack.png */,
				81056503208D821100BB9433 /* MenuWhite.png */,
				81056500208D820F00BB9433 /* SearchBlack.png */,
				81056501208D821000BB9433 /* SearchWhite.png */,
				81056504208D821100BB9433 /* ShareBlack.png */,
				81056502208D821000BB9433 /* ShareWhite.png */,
				810564F3208D7B5800BB9433 /* Screen Shot 2018-02-21 at 6.18.16 PM.png */,
				1AE8853720523DCA0000B56A /* IMG_0739.GIF */,
				1A96D545203E43F500254090 /* Screen Shot 2018-02-21 at 6.18.16 PM.png */,
				1AA123752044F3CF0004C1AE /* share_icon_white.jpg */,
				1AA123732044F22C0004C1AE /* Share-icon-iOS.jpg */,
				1AA123772044F4B30004C1AE /* search.png */,
			);
			path = imageFiles;
			sourceTree = "<group>";
		};
		1AACFE851FF2F65E00E6424D = {
			isa = PBXGroup;
			children = (
				812405F520884417006E7AB7 /* TradeGothic-BoldCondTwenty.otf */,
				1AB47C6E1FFC461B00F547E4 /* Podfile */,
				1AACFE901FF2F65E00E6424D /* Quotes */,
				1AACFE8F1FF2F65E00E6424D /* Products */,
				CB4F55663DDE70E33932FC9B /* Pods */,
				FB1F3D7889D68A94D3BFF49C /* Frameworks */,
			);
			sourceTree = "<group>";
		};
		1AACFE8F1FF2F65E00E6424D /* Products */ = {
			isa = PBXGroup;
			children = (
				1AACFE8E1FF2F65E00E6424D /* Quotes.app */,
			);
			name = Products;
			sourceTree = "<group>";
		};
		1AACFE901FF2F65E00E6424D /* Quotes */ = {
			isa = PBXGroup;
			children = (
				812405F320884397006E7AB7 /* Fonts */,
				1A62EF5020A25DFE00F38F00 /* Alarms */,
				1A62EF5320A25F6300F38F00 /* Features */,
				1AB47C8C2001DD3D00F547E4 /* Quotes.entitlements */,
				1AB47C8A2001DBEE00F547E4 /* GoogleService-Info.plist */,
				1A0DC0E220A3E02E007FEA6B /* Database */,
				1A62EF5220A25F2B00F38F00 /* MainFunctionality */,
				1A62EF5120A25F0D00F38F00 /* Purchasing */,
				1AACFE951FF2F65E00E6424D /* Main.storyboard */,
				1AB47C862001A4DA00F547E4 /* Images.xcassets */,
				1AA3841B205232BD007E4241 /* imageFiles */,
				1AACFE9A1FF2F65E00E6424D /* LaunchScreen.storyboard */,
				1AACFE9D1FF2F65E00E6424D /* Info.plist */,
			);
			path = Quotes;
			sourceTree = "<group>";
		};
		CB4F55663DDE70E33932FC9B /* Pods */ = {
			isa = PBXGroup;
			children = (
				2A8CF04DADF9897ECF626049 /* Pods-Quotes.debug.xcconfig */,
				D5C9F4AF315A58A95F012AA3 /* Pods-Quotes.release.xcconfig */,
			);
			name = Pods;
			sourceTree = "<group>";
		};
		FB1F3D7889D68A94D3BFF49C /* Frameworks */ = {
			isa = PBXGroup;
			children = (
				1AB47CAD20033B7E00F547E4 /* StoreKit.framework */,
				E35B5BE74640BD28174D4574 /* Pods_Quotes.framework */,
			);
			name = Frameworks;
			sourceTree = "<group>";
		};
/* End PBXGroup section */

/* Begin PBXNativeTarget section */
		1AACFE8D1FF2F65E00E6424D /* Quotes */ = {
			isa = PBXNativeTarget;
			buildConfigurationList = 1AACFEA01FF2F65E00E6424D /* Build configuration list for PBXNativeTarget "Quotes" */;
			buildPhases = (
				BFBFA3DAC3C303EB5E7F7CC4 /* [CP] Check Pods Manifest.lock */,
				1AACFE8A1FF2F65E00E6424D /* Sources */,
				1AACFE8B1FF2F65E00E6424D /* Frameworks */,
				1AACFE8C1FF2F65E00E6424D /* Resources */,
				A0A4354D9B87439B75CA7DE7 /* [CP] Embed Pods Frameworks */,
				1AA438982033E2DB000C7238 /* Embed Frameworks */,
			);
			buildRules = (
			);
			dependencies = (
			);
			name = Quotes;
			productName = Quotes;
			productReference = 1AACFE8E1FF2F65E00E6424D /* Quotes.app */;
			productType = "com.apple.product-type.application";
		};
/* End PBXNativeTarget section */

/* Begin PBXProject section */
		1AACFE861FF2F65E00E6424D /* Project object */ = {
			isa = PBXProject;
			attributes = {
				LastSwiftUpdateCheck = 0920;
				LastUpgradeCheck = 0930;
				ORGANIZATIONNAME = JDM;
				TargetAttributes = {
					1AACFE8D1FF2F65E00E6424D = {
						CreatedOnToolsVersion = 9.2;
						ProvisioningStyle = Automatic;
						SystemCapabilities = {
							com.apple.InAppPurchase = {
								enabled = 1;
							};
							com.apple.Keychain = {
								enabled = 0;
							};
							com.apple.Push = {
								enabled = 1;
							};
						};
					};
				};
			};
			buildConfigurationList = 1AACFE891FF2F65E00E6424D /* Build configuration list for PBXProject "Quotes" */;
			compatibilityVersion = "Xcode 8.0";
			developmentRegion = en;
			hasScannedForEncodings = 0;
			knownRegions = (
				en,
				Base,
			);
			mainGroup = 1AACFE851FF2F65E00E6424D;
			productRefGroup = 1AACFE8F1FF2F65E00E6424D /* Products */;
			projectDirPath = "";
			projectRoot = "";
			targets = (
				1AACFE8D1FF2F65E00E6424D /* Quotes */,
			);
		};
/* End PBXProject section */

/* Begin PBXResourcesBuildPhase section */
		1AACFE8C1FF2F65E00E6424D /* Resources */ = {
			isa = PBXResourcesBuildPhase;
			buildActionMask = 2147483647;
			files = (
				1A62EF4D20A25DB700F38F00 /* PeopleWhite.png in Resources */,
				1A62EF4320A1E6FD00F38F00 /* BackButtonBlack.png in Resources */,
				1A62EF2820A157C200F38F00 /* mountain.jpg in Resources */,
				1A62EF4120A1E6FD00F38F00 /* NoAdsWhite.png in Resources */,
				812405F620884417006E7AB7 /* TradeGothic-BoldCondTwenty.otf in Resources */,
				1A0DC0D420A3DEDF007FEA6B /* clouds.jpg in Resources */,
				1A62EF3A20A1E6FD00F38F00 /* BackButtonWhite.png in Resources */,
				1A62EF2720A157C200F38F00 /* Colorcloud.jpg in Resources */,
				1A0DC0D820A3DEDF007FEA6B /* tempestuousocean.jpg in Resources */,
				1A62EF2A20A157C200F38F00 /* babylion.jpg in Resources */,
				1A62EF4C20A25DB700F38F00 /* ContactUsWhite.png in Resources */,
				1A62EF2620A157C200F38F00 /* starrynight.jpg in Resources */,
				1A0DC0D620A3DEDF007FEA6B /* butterfly.jpg in Resources */,
				1A0DC0DC20A3DEDF007FEA6B /* desertwalk.jpg in Resources */,
				1A62EF4B20A25DB700F38F00 /* PeopleBlack.png in Resources */,
				812405F420884398006E7AB7 /* Fonts in Resources */,
				1A0DC0DA20A3DEDF007FEA6B /* aurora.jpg in Resources */,
				1A62EF2B20A157C200F38F00 /* road.jpg in Resources */,
				1A62EF3E20A1E6FD00F38F00 /* FontsWhite.png in Resources */,
				1A62EF3D20A1E6FD00F38F00 /* AlarmIconWhite.png in Resources */,
				81056508208D821300BB9433 /* ShareWhite.png in Resources */,
				1AB47C6F1FFC461B00F547E4 /* Podfile in Resources */,
				1AACFE9C1FF2F65E00E6424D /* LaunchScreen.storyboard in Resources */,
				1AA123742044F22D0004C1AE /* Share-icon-iOS.jpg in Resources */,
				1A62EF4020A1E6FD00F38F00 /* CategoriesWhite.png in Resources */,
				8105650B208D821300BB9433 /* MenuBlack.png in Resources */,
				81056509208D821300BB9433 /* MenuWhite.png in Resources */,
				1A62EF4A20A25DB700F38F00 /* ContactUsBlack.png in Resources */,
				81056506208D821200BB9433 /* SearchBlack.png in Resources */,
				1A62EF3C20A1E6FD00F38F00 /* CategoriesBlack.png in Resources */,
				8105650A208D821300BB9433 /* ShareBlack.png in Resources */,
				1A62EF3F20A1E6FD00F38F00 /* NoAdsBlack.png in Resources */,
				1A0DC0D920A3DEDF007FEA6B /* ferriswheel.jpg in Resources */,
				1A62EF4F20A25DB700F38F00 /* PersonalBlack.png in Resources */,
				1A62EF4E20A25DB700F38F00 /* PersonalWhite.png in Resources */,
				1AA123762044F3D00004C1AE /* share_icon_white.jpg in Resources */,
				1AB47C872001A4DB00F547E4 /* Images.xcassets in Resources */,
				1A62EF2F20A1E4C200F38F00 /* lockicon.png in Resources */,
				1A62EF4220A1E6FD00F38F00 /* AlarmIconBlack.png in Resources */,
				1AACFE971FF2F65E00E6424D /* Main.storyboard in Resources */,
				1A62EF2920A157C200F38F00 /* whitetower.jpg in Resources */,
				1AB47C8B2001DBF000F547E4 /* GoogleService-Info.plist in Resources */,
				1AA123782044F4B40004C1AE /* search.png in Resources */,
				81056507208D821200BB9433 /* SearchWhite.png in Resources */,
				1A62EF3B20A1E6FD00F38F00 /* FontsBlack.png in Resources */,
				1A62EF2520A157C200F38F00 /* airballoons.jpg in Resources */,
				1A0DC0DB20A3DEDF007FEA6B /* colorsky.jpg in Resources */,
				1A96D546203E43F600254090 /* Screen Shot 2018-02-21 at 6.18.16 PM.png in Resources */,
				1AE8853820523DCA0000B56A /* IMG_0739.GIF in Resources */,
				1A0DC0D720A3DEDF007FEA6B /* hotair.jpg in Resources */,
				1A0DC0D520A3DEDF007FEA6B /* fyah.jpg in Resources */,
			);
			runOnlyForDeploymentPostprocessing = 0;
		};
/* End PBXResourcesBuildPhase section */

/* Begin PBXShellScriptBuildPhase section */
		A0A4354D9B87439B75CA7DE7 /* [CP] Embed Pods Frameworks */ = {
			isa = PBXShellScriptBuildPhase;
			buildActionMask = 2147483647;
			files = (
			);
			inputPaths = (
				"${SRCROOT}/Pods/Target Support Files/Pods-Quotes/Pods-Quotes-frameworks.sh",
				"${BUILT_PRODUCTS_DIR}/GTMSessionFetcher/GTMSessionFetcher.framework",
				"${BUILT_PRODUCTS_DIR}/GoogleToolboxForMac/GoogleToolboxForMac.framework",
				"${BUILT_PRODUCTS_DIR}/Protobuf/Protobuf.framework",
				"${BUILT_PRODUCTS_DIR}/Realm/Realm.framework",
				"${BUILT_PRODUCTS_DIR}/RealmSwift/RealmSwift.framework",
				"${BUILT_PRODUCTS_DIR}/leveldb-library/leveldb.framework",
				"${BUILT_PRODUCTS_DIR}/nanopb/nanopb.framework",
			);
			name = "[CP] Embed Pods Frameworks";
			outputPaths = (
				"${TARGET_BUILD_DIR}/${FRAMEWORKS_FOLDER_PATH}/GTMSessionFetcher.framework",
				"${TARGET_BUILD_DIR}/${FRAMEWORKS_FOLDER_PATH}/GoogleToolboxForMac.framework",
				"${TARGET_BUILD_DIR}/${FRAMEWORKS_FOLDER_PATH}/Protobuf.framework",
				"${TARGET_BUILD_DIR}/${FRAMEWORKS_FOLDER_PATH}/Realm.framework",
				"${TARGET_BUILD_DIR}/${FRAMEWORKS_FOLDER_PATH}/RealmSwift.framework",
				"${TARGET_BUILD_DIR}/${FRAMEWORKS_FOLDER_PATH}/leveldb.framework",
				"${TARGET_BUILD_DIR}/${FRAMEWORKS_FOLDER_PATH}/nanopb.framework",
			);
			runOnlyForDeploymentPostprocessing = 0;
			shellPath = /bin/sh;
			shellScript = "\"${SRCROOT}/Pods/Target Support Files/Pods-Quotes/Pods-Quotes-frameworks.sh\"\n";
			showEnvVarsInLog = 0;
		};
		BFBFA3DAC3C303EB5E7F7CC4 /* [CP] Check Pods Manifest.lock */ = {
			isa = PBXShellScriptBuildPhase;
			buildActionMask = 2147483647;
			files = (
			);
			inputPaths = (
				"${PODS_PODFILE_DIR_PATH}/Podfile.lock",
				"${PODS_ROOT}/Manifest.lock",
			);
			name = "[CP] Check Pods Manifest.lock";
			outputPaths = (
				"$(DERIVED_FILE_DIR)/Pods-Quotes-checkManifestLockResult.txt",
			);
			runOnlyForDeploymentPostprocessing = 0;
			shellPath = /bin/sh;
			shellScript = "diff \"${PODS_PODFILE_DIR_PATH}/Podfile.lock\" \"${PODS_ROOT}/Manifest.lock\" > /dev/null\nif [ $? != 0 ] ; then\n    # print error to STDERR\n    echo \"error: The sandbox is not in sync with the Podfile.lock. Run 'pod install' or update your CocoaPods installation.\" >&2\n    exit 1\nfi\n# This output is used by Xcode 'outputs' to avoid re-running this script phase.\necho \"SUCCESS\" > \"${SCRIPT_OUTPUT_FILE_0}\"\n";
			showEnvVarsInLog = 0;
		};
/* End PBXShellScriptBuildPhase section */

/* Begin PBXSourcesBuildPhase section */
		1AACFE8A1FF2F65E00E6424D /* Sources */ = {
			isa = PBXSourcesBuildPhase;
			buildActionMask = 2147483647;
			files = (
				1A0999FF2019873600B22EDE /* IAP.swift in Sources */,
				1AA4389A2033E521000C7238 /* QuoteClass.swift in Sources */,
				1A62EF11209FA39100F38F00 /* PurchaseView.swift in Sources */,
				1AA123722044E9870004C1AE /* MainMenuTableViewController.swift in Sources */,
				81542FAD20A397420018D234 /* Schema.swift in Sources */,
				1AA4389C2033E629000C7238 /* FrontPage.swift in Sources */,
				1AA3841F20523792007E4241 /* SettingsPage.swift in Sources */,
				81542FAF20A3A4550018D234 /* LoadSchemas.swift in Sources */,
				812405F8208BCB0A006E7AB7 /* ContactInfo.swift in Sources */,
				812405FA208BF548006E7AB7 /* Customization.swift in Sources */,
				1AA3841A204B7D23007E4241 /* SearchView.swift in Sources */,
				1AAE1C3520840E5E00345E1F /* EditAlarm.swift in Sources */,
				1A62EF2D20A1D31F00F38F00 /* PricingCollectionViewCell.swift in Sources */,
				1A62EF1D20A151B500F38F00 /* LoadingViewController.swift in Sources */,
				1AE8853A2052502C0000B56A /* AlarmsTableViewController.swift in Sources */,
				1A62EF1720A08E8900F38F00 /* PaidSubscription.swift in Sources */,
				1AFCC5062093F0310021941B /* CreateQuote.swift in Sources */,
				812405FE208CDE50006E7AB7 /* FontCell.swift in Sources */,
				1AACFE921FF2F65E00E6424D /* AppDelegate.swift in Sources */,
				1A62EF1920A0922500F38F00 /* Session.swift in Sources */,
				1A62EF1520A08E2800F38F00 /* Subscription.swift in Sources */,
				1A96D54A203FA31300254090 /* LoadQuotes.swift in Sources */,
				1AAE1C332083F88B00345E1F /* AlarmMenuCell.swift in Sources */,
			);
			runOnlyForDeploymentPostprocessing = 0;
		};
/* End PBXSourcesBuildPhase section */

/* Begin PBXVariantGroup section */
		1AACFE951FF2F65E00E6424D /* Main.storyboard */ = {
			isa = PBXVariantGroup;
			children = (
				1AACFE961FF2F65E00E6424D /* Base */,
			);
			name = Main.storyboard;
			sourceTree = "<group>";
		};
		1AACFE9A1FF2F65E00E6424D /* LaunchScreen.storyboard */ = {
			isa = PBXVariantGroup;
			children = (
				1AACFE9B1FF2F65E00E6424D /* Base */,
			);
			name = LaunchScreen.storyboard;
			sourceTree = "<group>";
		};
/* End PBXVariantGroup section */

/* Begin XCBuildConfiguration section */
		1AACFE9E1FF2F65E00E6424D /* Debug */ = {
			isa = XCBuildConfiguration;
			buildSettings = {
				ALWAYS_SEARCH_USER_PATHS = NO;
				CLANG_ANALYZER_NONNULL = YES;
				CLANG_ANALYZER_NUMBER_OBJECT_CONVERSION = YES_AGGRESSIVE;
				CLANG_CXX_LANGUAGE_STANDARD = "gnu++14";
				CLANG_CXX_LIBRARY = "libc++";
				CLANG_ENABLE_MODULES = YES;
				CLANG_ENABLE_OBJC_ARC = YES;
				CLANG_WARN_BLOCK_CAPTURE_AUTORELEASING = YES;
				CLANG_WARN_BOOL_CONVERSION = YES;
				CLANG_WARN_COMMA = YES;
				CLANG_WARN_CONSTANT_CONVERSION = YES;
				CLANG_WARN_DEPRECATED_OBJC_IMPLEMENTATIONS = YES;
				CLANG_WARN_DIRECT_OBJC_ISA_USAGE = YES_ERROR;
				CLANG_WARN_DOCUMENTATION_COMMENTS = YES;
				CLANG_WARN_EMPTY_BODY = YES;
				CLANG_WARN_ENUM_CONVERSION = YES;
				CLANG_WARN_INFINITE_RECURSION = YES;
				CLANG_WARN_INT_CONVERSION = YES;
				CLANG_WARN_NON_LITERAL_NULL_CONVERSION = YES;
				CLANG_WARN_OBJC_IMPLICIT_RETAIN_SELF = YES;
				CLANG_WARN_OBJC_LITERAL_CONVERSION = YES;
				CLANG_WARN_OBJC_ROOT_CLASS = YES_ERROR;
				CLANG_WARN_RANGE_LOOP_ANALYSIS = YES;
				CLANG_WARN_STRICT_PROTOTYPES = YES;
				CLANG_WARN_SUSPICIOUS_MOVE = YES;
				CLANG_WARN_UNGUARDED_AVAILABILITY = YES_AGGRESSIVE;
				CLANG_WARN_UNREACHABLE_CODE = YES;
				CLANG_WARN__DUPLICATE_METHOD_MATCH = YES;
				CODE_SIGN_IDENTITY = "iPhone Developer";
				COPY_PHASE_STRIP = NO;
				DEBUG_INFORMATION_FORMAT = dwarf;
				ENABLE_STRICT_OBJC_MSGSEND = YES;
				ENABLE_TESTABILITY = YES;
				GCC_C_LANGUAGE_STANDARD = gnu11;
				GCC_DYNAMIC_NO_PIC = NO;
				GCC_NO_COMMON_BLOCKS = YES;
				GCC_OPTIMIZATION_LEVEL = 0;
				GCC_PREPROCESSOR_DEFINITIONS = (
					"DEBUG=1",
					"$(inherited)",
				);
				GCC_WARN_64_TO_32_BIT_CONVERSION = YES;
				GCC_WARN_ABOUT_RETURN_TYPE = YES_ERROR;
				GCC_WARN_UNDECLARED_SELECTOR = YES;
				GCC_WARN_UNINITIALIZED_AUTOS = YES_AGGRESSIVE;
				GCC_WARN_UNUSED_FUNCTION = YES;
				GCC_WARN_UNUSED_VARIABLE = YES;
				IPHONEOS_DEPLOYMENT_TARGET = 11.2;
				MTL_ENABLE_DEBUG_INFO = YES;
				ONLY_ACTIVE_ARCH = YES;
				SDKROOT = iphoneos;
				SWIFT_ACTIVE_COMPILATION_CONDITIONS = DEBUG;
				SWIFT_OPTIMIZATION_LEVEL = "-Onone";
			};
			name = Debug;
		};
		1AACFE9F1FF2F65E00E6424D /* Release */ = {
			isa = XCBuildConfiguration;
			buildSettings = {
				ALWAYS_SEARCH_USER_PATHS = NO;
				CLANG_ANALYZER_NONNULL = YES;
				CLANG_ANALYZER_NUMBER_OBJECT_CONVERSION = YES_AGGRESSIVE;
				CLANG_CXX_LANGUAGE_STANDARD = "gnu++14";
				CLANG_CXX_LIBRARY = "libc++";
				CLANG_ENABLE_MODULES = YES;
				CLANG_ENABLE_OBJC_ARC = YES;
				CLANG_WARN_BLOCK_CAPTURE_AUTORELEASING = YES;
				CLANG_WARN_BOOL_CONVERSION = YES;
				CLANG_WARN_COMMA = YES;
				CLANG_WARN_CONSTANT_CONVERSION = YES;
				CLANG_WARN_DEPRECATED_OBJC_IMPLEMENTATIONS = YES;
				CLANG_WARN_DIRECT_OBJC_ISA_USAGE = YES_ERROR;
				CLANG_WARN_DOCUMENTATION_COMMENTS = YES;
				CLANG_WARN_EMPTY_BODY = YES;
				CLANG_WARN_ENUM_CONVERSION = YES;
				CLANG_WARN_INFINITE_RECURSION = YES;
				CLANG_WARN_INT_CONVERSION = YES;
				CLANG_WARN_NON_LITERAL_NULL_CONVERSION = YES;
				CLANG_WARN_OBJC_IMPLICIT_RETAIN_SELF = YES;
				CLANG_WARN_OBJC_LITERAL_CONVERSION = YES;
				CLANG_WARN_OBJC_ROOT_CLASS = YES_ERROR;
				CLANG_WARN_RANGE_LOOP_ANALYSIS = YES;
				CLANG_WARN_STRICT_PROTOTYPES = YES;
				CLANG_WARN_SUSPICIOUS_MOVE = YES;
				CLANG_WARN_UNGUARDED_AVAILABILITY = YES_AGGRESSIVE;
				CLANG_WARN_UNREACHABLE_CODE = YES;
				CLANG_WARN__DUPLICATE_METHOD_MATCH = YES;
				CODE_SIGN_IDENTITY = "iPhone Developer";
				COPY_PHASE_STRIP = NO;
				DEBUG_INFORMATION_FORMAT = "dwarf-with-dsym";
				ENABLE_NS_ASSERTIONS = NO;
				ENABLE_STRICT_OBJC_MSGSEND = YES;
				GCC_C_LANGUAGE_STANDARD = gnu11;
				GCC_NO_COMMON_BLOCKS = YES;
				GCC_WARN_64_TO_32_BIT_CONVERSION = YES;
				GCC_WARN_ABOUT_RETURN_TYPE = YES_ERROR;
				GCC_WARN_UNDECLARED_SELECTOR = YES;
				GCC_WARN_UNINITIALIZED_AUTOS = YES_AGGRESSIVE;
				GCC_WARN_UNUSED_FUNCTION = YES;
				GCC_WARN_UNUSED_VARIABLE = YES;
				IPHONEOS_DEPLOYMENT_TARGET = 11.2;
				MTL_ENABLE_DEBUG_INFO = NO;
				SDKROOT = iphoneos;
				SWIFT_OPTIMIZATION_LEVEL = "-Owholemodule";
				VALIDATE_PRODUCT = YES;
			};
			name = Release;
		};
		1AACFEA11FF2F65E00E6424D /* Debug */ = {
			isa = XCBuildConfiguration;
			baseConfigurationReference = 2A8CF04DADF9897ECF626049 /* Pods-Quotes.debug.xcconfig */;
			buildSettings = {
				ASSETCATALOG_COMPILER_APPICON_NAME = AppIcon;
				CODE_SIGN_ENTITLEMENTS = Quotes/Quotes.entitlements;
				"CODE_SIGN_IDENTITY[sdk=iphoneos*]" = "iPhone Developer";
				CODE_SIGN_STYLE = Automatic;
				DEVELOPMENT_TEAM = 42SCT29WSH;
				FRAMEWORK_SEARCH_PATHS = (
					"$(inherited)",
					"$(PROJECT_DIR)",
				);
				INFOPLIST_FILE = Quotes/Info.plist;
				IPHONEOS_DEPLOYMENT_TARGET = 10.3;
				LD_RUNPATH_SEARCH_PATHS = "$(inherited) @executable_path/Frameworks";
				PRODUCT_BUNDLE_IDENTIFIER = com.JDM.Quotes;
				PRODUCT_NAME = "$(TARGET_NAME)";
				PROVISIONING_PROFILE_SPECIFIER = "";
				SWIFT_VERSION = 4.0;
				TARGETED_DEVICE_FAMILY = "1,2";
			};
			name = Debug;
		};
		1AACFEA21FF2F65E00E6424D /* Release */ = {
			isa = XCBuildConfiguration;
			baseConfigurationReference = D5C9F4AF315A58A95F012AA3 /* Pods-Quotes.release.xcconfig */;
			buildSettings = {
				ASSETCATALOG_COMPILER_APPICON_NAME = AppIcon;
				CODE_SIGN_ENTITLEMENTS = Quotes/Quotes.entitlements;
				"CODE_SIGN_IDENTITY[sdk=iphoneos*]" = "iPhone Developer";
				CODE_SIGN_STYLE = Automatic;
				DEVELOPMENT_TEAM = 42SCT29WSH;
				FRAMEWORK_SEARCH_PATHS = (
					"$(inherited)",
					"$(PROJECT_DIR)",
				);
				INFOPLIST_FILE = Quotes/Info.plist;
				IPHONEOS_DEPLOYMENT_TARGET = 10.3;
				LD_RUNPATH_SEARCH_PATHS = "$(inherited) @executable_path/Frameworks";
				PRODUCT_BUNDLE_IDENTIFIER = com.JDM.Quotes;
				PRODUCT_NAME = "$(TARGET_NAME)";
				PROVISIONING_PROFILE_SPECIFIER = "";
				SWIFT_VERSION = 4.0;
				TARGETED_DEVICE_FAMILY = "1,2";
			};
			name = Release;
		};
/* End XCBuildConfiguration section */

/* Begin XCConfigurationList section */
		1AACFE891FF2F65E00E6424D /* Build configuration list for PBXProject "Quotes" */ = {
			isa = XCConfigurationList;
			buildConfigurations = (
				1AACFE9E1FF2F65E00E6424D /* Debug */,
				1AACFE9F1FF2F65E00E6424D /* Release */,
			);
			defaultConfigurationIsVisible = 0;
			defaultConfigurationName = Release;
		};
		1AACFEA01FF2F65E00E6424D /* Build configuration list for PBXNativeTarget "Quotes" */ = {
			isa = XCConfigurationList;
			buildConfigurations = (
				1AACFEA11FF2F65E00E6424D /* Debug */,
				1AACFEA21FF2F65E00E6424D /* Release */,
			);
			defaultConfigurationIsVisible = 0;
			defaultConfigurationName = Release;
		};
/* End XCConfigurationList section */
	};
	rootObject = 1AACFE861FF2F65E00E6424D /* Project object */;
}
